// !$*UTF8*$!
{
	archiveVersion = 1;
	classes = {
	};
	objectVersion = 54;
	objects = {

/* Begin PBXBuildFile section */
		00E356F31AD99517003FC87E /* JournalTests.m in Sources */ = {isa = PBXBuildFile; fileRef = 00E356F21AD99517003FC87E /* JournalTests.m */; };
		0C80B921A6F3F58F76C31292 /* libPods-Journal.a in Frameworks */ = {isa = PBXBuildFile; fileRef = 5DCACB8F33CDC322A6C60F78 /* libPods-Journal.a */; };
		13B07FBC1A68108700A75B9A /* AppDelegate.mm in Sources */ = {isa = PBXBuildFile; fileRef = 13B07FB01A68108700A75B9A /* AppDelegate.mm */; };
		13B07FBF1A68108700A75B9A /* Images.xcassets in Resources */ = {isa = PBXBuildFile; fileRef = 13B07FB51A68108700A75B9A /* Images.xcassets */; };
		13B07FC11A68108700A75B9A /* main.m in Sources */ = {isa = PBXBuildFile; fileRef = 13B07FB71A68108700A75B9A /* main.m */; };
		7699B88040F8A987B510C191 /* libPods-Journal-JournalTests.a in Frameworks */ = {isa = PBXBuildFile; fileRef = 19F6CBCC0A4E27FBF8BF4A61 /* libPods-Journal-JournalTests.a */; };
		81AB9BB82411601600AC10FF /* LaunchScreen.storyboard in Resources */ = {isa = PBXBuildFile; fileRef = 81AB9BB72411601600AC10FF /* LaunchScreen.storyboard */; };
		3894E8584C20458C8F90F7BF /* Cabin.ttf in Resources */ = {isa = PBXBuildFile; fileRef = 386D8D5711C945FD87112EC8 /* Cabin.ttf */; };
		AAA662918E784FBBB9B1FB83 /* Lobster-Regular.ttf in Resources */ = {isa = PBXBuildFile; fileRef = 97EF3A58649746A883B3A90E /* Lobster-Regular.ttf */; };
		F180580568DC4BD19CCC880D /* AntDesign.ttf in Resources */ = {isa = PBXBuildFile; fileRef = FF6F977F289042F2B453FCCF /* AntDesign.ttf */; };
		9BDBFEF8C700418CB0B25BE1 /* Entypo.ttf in Resources */ = {isa = PBXBuildFile; fileRef = 2C50C5DA55EA4BC8A82C5388 /* Entypo.ttf */; };
		E17DC1E1C372481284B5B3A2 /* EvilIcons.ttf in Resources */ = {isa = PBXBuildFile; fileRef = F8CB256F73D24F56B23513F9 /* EvilIcons.ttf */; };
		FFFD5E86E03242D7BA5B6070 /* Feather.ttf in Resources */ = {isa = PBXBuildFile; fileRef = 28C3D97FCA0346D0B6D3A694 /* Feather.ttf */; };
		1B79AD72A63E45A1911CD15E /* FontAwesome.ttf in Resources */ = {isa = PBXBuildFile; fileRef = 2808F2B763D843EB9DA65F96 /* FontAwesome.ttf */; };
		6FDA345FEDDF45C99C1ADCA4 /* FontAwesome5_Brands.ttf in Resources */ = {isa = PBXBuildFile; fileRef = 25ED95388A8A4FD9885975FF /* FontAwesome5_Brands.ttf */; };
		A520BC2EEEE4424C989F3E14 /* FontAwesome5_Regular.ttf in Resources */ = {isa = PBXBuildFile; fileRef = 3D34304A0EA94C58AADF69BA /* FontAwesome5_Regular.ttf */; };
		66A380ED16874C3BAACB5244 /* FontAwesome5_Solid.ttf in Resources */ = {isa = PBXBuildFile; fileRef = D863E753AB3A439387FFA5E8 /* FontAwesome5_Solid.ttf */; };
		86D18B8B5E51411D80763DF5 /* Fontisto.ttf in Resources */ = {isa = PBXBuildFile; fileRef = CDE3D4B2016D40838824B7CC /* Fontisto.ttf */; };
		A1EC9B8350A74FD9BC0F0447 /* Foundation.ttf in Resources */ = {isa = PBXBuildFile; fileRef = B473009CF75747E48EF582E1 /* Foundation.ttf */; };
		39AB443F94E84AA58F4536D0 /* Ionicons.ttf in Resources */ = {isa = PBXBuildFile; fileRef = 75B06A5B41604094B6B2D9B9 /* Ionicons.ttf */; };
		8A8285B2D12643DD8951C90E /* MaterialCommunityIcons.ttf in Resources */ = {isa = PBXBuildFile; fileRef = 22038B4505644FB29C424E99 /* MaterialCommunityIcons.ttf */; };
		ECDC25C600AE4DE2851DFF22 /* MaterialIcons.ttf in Resources */ = {isa = PBXBuildFile; fileRef = 4E99ED3D4BEF47A7BD47764C /* MaterialIcons.ttf */; };
		0AC094D7A33E4F6E9C58FC13 /* Octicons.ttf in Resources */ = {isa = PBXBuildFile; fileRef = A69BA840813A4C94BA3C483F /* Octicons.ttf */; };
		6C68925A3A0E423B93D4148C /* SimpleLineIcons.ttf in Resources */ = {isa = PBXBuildFile; fileRef = E354747CDC1D4663A55AB80F /* SimpleLineIcons.ttf */; };
		241CE53AD5394007998946E9 /* Zocial.ttf in Resources */ = {isa = PBXBuildFile; fileRef = 969CDBAA497941058B77A61C /* Zocial.ttf */; };
		0718C93C4C5F4757BCC4B977 /* Pacifico-Regular.ttf in Resources */ = {isa = PBXBuildFile; fileRef = CFC95C1B435647059838406C /* Pacifico-Regular.ttf */; };
		8546CC2479D840E08FA81CBF /* Montserrat-Black.ttf in Resources */ = {isa = PBXBuildFile; fileRef = 81B0D1F318EB4434942C45B1 /* Montserrat-Black.ttf */; };
		88AE3ABFDB75437DA384C6BB /* Montserrat-BlackItalic.ttf in Resources */ = {isa = PBXBuildFile; fileRef = BE153AB1965C4AE4905FCED9 /* Montserrat-BlackItalic.ttf */; };
		CAF9A9F21CFF4AAEA30135D2 /* Montserrat-Bold.ttf in Resources */ = {isa = PBXBuildFile; fileRef = 86915D015A264F1197823164 /* Montserrat-Bold.ttf */; };
		C4677C4778F84BB1B5ED2D7E /* Montserrat-BoldItalic.ttf in Resources */ = {isa = PBXBuildFile; fileRef = 75FD33C448E54A4698E0535D /* Montserrat-BoldItalic.ttf */; };
		0BF91D324CAD4B7B995421B7 /* Montserrat-ExtraBold.ttf in Resources */ = {isa = PBXBuildFile; fileRef = 960A5E93CB4C4B4FB7638D35 /* Montserrat-ExtraBold.ttf */; };
		DA61144276E549E996D2EDDC /* Montserrat-ExtraBoldItalic.ttf in Resources */ = {isa = PBXBuildFile; fileRef = 78006C0956184629BB1B651B /* Montserrat-ExtraBoldItalic.ttf */; };
		E9B6D33593A7448B9EAB2DB2 /* Montserrat-ExtraLight.ttf in Resources */ = {isa = PBXBuildFile; fileRef = C8793BB64BB948A5BE306A17 /* Montserrat-ExtraLight.ttf */; };
		77F9E57C085248149F0BC76D /* Montserrat-ExtraLightItalic.ttf in Resources */ = {isa = PBXBuildFile; fileRef = 8C06D9A9704D4F578DDEB550 /* Montserrat-ExtraLightItalic.ttf */; };
		E1DD12436BDE4B0BB12C0C85 /* Montserrat-Italic.ttf in Resources */ = {isa = PBXBuildFile; fileRef = D6A64EB8C410429D94B609F8 /* Montserrat-Italic.ttf */; };
		3993019DD00247FA8404759D /* Montserrat-Light.ttf in Resources */ = {isa = PBXBuildFile; fileRef = 0025541C38EC4405B44361E2 /* Montserrat-Light.ttf */; };
		E7AB090407384265B072ACF6 /* Montserrat-LightItalic.ttf in Resources */ = {isa = PBXBuildFile; fileRef = C0096ADA3E084593BBD36ECB /* Montserrat-LightItalic.ttf */; };
		EF3A4AAF22224DFE97F03D2B /* Montserrat-Medium.ttf in Resources */ = {isa = PBXBuildFile; fileRef = C6DB676A6CE2445592644C38 /* Montserrat-Medium.ttf */; };
		8287C461A2734129B07A1DCF /* Montserrat-MediumItalic.ttf in Resources */ = {isa = PBXBuildFile; fileRef = F7AB04AC6EF141AC821EB9EA /* Montserrat-MediumItalic.ttf */; };
		2580CEDB570344C491B03E7A /* Montserrat-Regular.ttf in Resources */ = {isa = PBXBuildFile; fileRef = 9E0B0430F93B4397BB0E6C10 /* Montserrat-Regular.ttf */; };
		E73EB1E6D0004B2A85AB36C9 /* Montserrat-SemiBold.ttf in Resources */ = {isa = PBXBuildFile; fileRef = 7F9B050F44E841E3992FCF82 /* Montserrat-SemiBold.ttf */; };
		8061787A9F394F4093902755 /* Montserrat-SemiBoldItalic.ttf in Resources */ = {isa = PBXBuildFile; fileRef = 7753D3672213414382212847 /* Montserrat-SemiBoldItalic.ttf */; };
		F7FB054189494160A8A04E23 /* Montserrat-Thin.ttf in Resources */ = {isa = PBXBuildFile; fileRef = 90866F37661F47D1B42B8FD9 /* Montserrat-Thin.ttf */; };
		BE59A74992DB4D6EA0CC51E1 /* Montserrat-ThinItalic.ttf in Resources */ = {isa = PBXBuildFile; fileRef = 67B1443898EE436E98618CB7 /* Montserrat-ThinItalic.ttf */; };
		441A836FFEC244CBB437293A /* OpenSans_Condensed-Bold.ttf in Resources */ = {isa = PBXBuildFile; fileRef = F5DCB9E213D94AC29076254F /* OpenSans_Condensed-Bold.ttf */; };
		EBE49C17FBCB4B7E8A1F36A5 /* OpenSans_Condensed-BoldItalic.ttf in Resources */ = {isa = PBXBuildFile; fileRef = 42195DFEA2404F309BD10F5F /* OpenSans_Condensed-BoldItalic.ttf */; };
		CCA9412E22144BDDA4E1E1E8 /* OpenSans_Condensed-ExtraBold.ttf in Resources */ = {isa = PBXBuildFile; fileRef = 5C2504F9481F4640BC4DD710 /* OpenSans_Condensed-ExtraBold.ttf */; };
		948B8A2A0CD346B4B61B7B9C /* OpenSans_Condensed-ExtraBoldItalic.ttf in Resources */ = {isa = PBXBuildFile; fileRef = FE9E4FE93B6A4BAFA2350E86 /* OpenSans_Condensed-ExtraBoldItalic.ttf */; };
		2E317B4F4FD54112B7974679 /* OpenSans_Condensed-Italic.ttf in Resources */ = {isa = PBXBuildFile; fileRef = 11F45AC633A7446A8FDE67D7 /* OpenSans_Condensed-Italic.ttf */; };
		0D9B97B7B8064D7DA09D3812 /* OpenSans_Condensed-Light.ttf in Resources */ = {isa = PBXBuildFile; fileRef = 00FD2A69E1444D27AF1C84A7 /* OpenSans_Condensed-Light.ttf */; };
		046A4A245A9849B1945FEF4D /* OpenSans_Condensed-LightItalic.ttf in Resources */ = {isa = PBXBuildFile; fileRef = 7142B3A1764944EBA77AC88C /* OpenSans_Condensed-LightItalic.ttf */; };
		A57A528B325246C79A2ACAC6 /* OpenSans_Condensed-Medium.ttf in Resources */ = {isa = PBXBuildFile; fileRef = 395B8C1243594D8DA288F7E2 /* OpenSans_Condensed-Medium.ttf */; };
		0BA8F9E4EB3145799FD2E481 /* OpenSans_Condensed-MediumItalic.ttf in Resources */ = {isa = PBXBuildFile; fileRef = 17AFCBD34B0A488690C3D877 /* OpenSans_Condensed-MediumItalic.ttf */; };
		9EECC3459F3D4B9AB22DEFB0 /* OpenSans_Condensed-Regular.ttf in Resources */ = {isa = PBXBuildFile; fileRef = DF78714F0CDA4F70A3A33B8E /* OpenSans_Condensed-Regular.ttf */; };
		BFCA218318914388B5578167 /* OpenSans_Condensed-SemiBold.ttf in Resources */ = {isa = PBXBuildFile; fileRef = 123F9046CD914C4EB218ACC7 /* OpenSans_Condensed-SemiBold.ttf */; };
		DFBD1D813B774B158449A790 /* OpenSans_Condensed-SemiBoldItalic.ttf in Resources */ = {isa = PBXBuildFile; fileRef = 100705BE76C14935BF82689A /* OpenSans_Condensed-SemiBoldItalic.ttf */; };
		F063AA6AF3404419B650E2B4 /* OpenSans_SemiCondensed-Bold.ttf in Resources */ = {isa = PBXBuildFile; fileRef = 65C24F062E1348DD91DD668E /* OpenSans_SemiCondensed-Bold.ttf */; };
		03A0D15C405F43F8A71BA55F /* OpenSans_SemiCondensed-BoldItalic.ttf in Resources */ = {isa = PBXBuildFile; fileRef = D157E444E93F4874909620F8 /* OpenSans_SemiCondensed-BoldItalic.ttf */; };
		5B673E9D8FE546E7B524E3C4 /* OpenSans_SemiCondensed-ExtraBold.ttf in Resources */ = {isa = PBXBuildFile; fileRef = C447DB247F37447AA04D48CA /* OpenSans_SemiCondensed-ExtraBold.ttf */; };
		DDDD9124920249008BD028C7 /* OpenSans_SemiCondensed-ExtraBoldItalic.ttf in Resources */ = {isa = PBXBuildFile; fileRef = A8278684D1714EF5B34E2F24 /* OpenSans_SemiCondensed-ExtraBoldItalic.ttf */; };
		A14B4D4AC4624987913D56BA /* OpenSans_SemiCondensed-Italic.ttf in Resources */ = {isa = PBXBuildFile; fileRef = 421330C3E23145889E4E0ACA /* OpenSans_SemiCondensed-Italic.ttf */; };
		910FAE639AA8402D96FA1CD6 /* OpenSans_SemiCondensed-Light.ttf in Resources */ = {isa = PBXBuildFile; fileRef = 55EBF3DD5BCA4791B350AEE1 /* OpenSans_SemiCondensed-Light.ttf */; };
		2407A5D9D53E4756900C1ED3 /* OpenSans_SemiCondensed-LightItalic.ttf in Resources */ = {isa = PBXBuildFile; fileRef = A270F47B772145C187F05C1B /* OpenSans_SemiCondensed-LightItalic.ttf */; };
		1A7760D472B54A158D0BBA25 /* OpenSans_SemiCondensed-Medium.ttf in Resources */ = {isa = PBXBuildFile; fileRef = 7256874F39B24AEEB1DBBF90 /* OpenSans_SemiCondensed-Medium.ttf */; };
		D79545B04A104D69A0C78430 /* OpenSans_SemiCondensed-MediumItalic.ttf in Resources */ = {isa = PBXBuildFile; fileRef = 4C42F1B39A344819ADC6B347 /* OpenSans_SemiCondensed-MediumItalic.ttf */; };
		C880AEFCDA624826B55A692F /* OpenSans_SemiCondensed-Regular.ttf in Resources */ = {isa = PBXBuildFile; fileRef = 57E22D781BE24239A87E8EE9 /* OpenSans_SemiCondensed-Regular.ttf */; };
		F5849CC9E34A4EEEBEBF858C /* OpenSans_SemiCondensed-SemiBold.ttf in Resources */ = {isa = PBXBuildFile; fileRef = 94F263B327E34B30A9EFAAB6 /* OpenSans_SemiCondensed-SemiBold.ttf */; };
		3D4E4D025B924582A69C00C5 /* OpenSans_SemiCondensed-SemiBoldItalic.ttf in Resources */ = {isa = PBXBuildFile; fileRef = A7ECD3DEB2F14E2E96BFCE7B /* OpenSans_SemiCondensed-SemiBoldItalic.ttf */; };
		D269E6597DC042E2966F8877 /* OpenSans-Bold.ttf in Resources */ = {isa = PBXBuildFile; fileRef = 705A088227BE4D02BEE82764 /* OpenSans-Bold.ttf */; };
		1058BBD383054D3B8AE3E74E /* OpenSans-BoldItalic.ttf in Resources */ = {isa = PBXBuildFile; fileRef = EB172280E5774F05A27550D1 /* OpenSans-BoldItalic.ttf */; };
		3A747D9939A34956B50802E2 /* OpenSans-ExtraBold.ttf in Resources */ = {isa = PBXBuildFile; fileRef = 39FF4E56EC764DAC8F13C61E /* OpenSans-ExtraBold.ttf */; };
		D01271ABEFBD46F8906AE28F /* OpenSans-ExtraBoldItalic.ttf in Resources */ = {isa = PBXBuildFile; fileRef = 790E7158312C4F1FAA4C8B69 /* OpenSans-ExtraBoldItalic.ttf */; };
		4AE3FCEE6FC242EA9EC3A7BE /* OpenSans-Italic.ttf in Resources */ = {isa = PBXBuildFile; fileRef = E92D540EE88B4E59848D35B8 /* OpenSans-Italic.ttf */; };
		2A4A064C9D2D44E9B02E7F16 /* OpenSans-Light.ttf in Resources */ = {isa = PBXBuildFile; fileRef = 3309A0AD49104A5DBCB1BD88 /* OpenSans-Light.ttf */; };
		8A7AD722D711440D81B6A3B8 /* OpenSans-LightItalic.ttf in Resources */ = {isa = PBXBuildFile; fileRef = C752421E74554759948C9A4E /* OpenSans-LightItalic.ttf */; };
		27E60D8A6C4B47C89739E140 /* OpenSans-Medium.ttf in Resources */ = {isa = PBXBuildFile; fileRef = 78BEBBACB69A45C08BC8B6C1 /* OpenSans-Medium.ttf */; };
		885AAB9781C8416F86E64C2C /* OpenSans-MediumItalic.ttf in Resources */ = {isa = PBXBuildFile; fileRef = 2A83E435371D40BF85359EB1 /* OpenSans-MediumItalic.ttf */; };
		B1F1942236B74794A1B87A5A /* OpenSans-Regular.ttf in Resources */ = {isa = PBXBuildFile; fileRef = 314995D9AE244BDEA6A9AB65 /* OpenSans-Regular.ttf */; };
		2C76DB2AA0B242D2BE7F5DFC /* OpenSans-SemiBold.ttf in Resources */ = {isa = PBXBuildFile; fileRef = B2BC43EBBF3342CEB987619B /* OpenSans-SemiBold.ttf */; };
		D08C4548E1E0440D834539AE /* OpenSans-SemiBoldItalic.ttf in Resources */ = {isa = PBXBuildFile; fileRef = C5DCFCF44CC4438285A8894C /* OpenSans-SemiBoldItalic.ttf */; };
		7111E70F27AB4DDA9A48BB0A /* Roboto-Black.ttf in Resources */ = {isa = PBXBuildFile; fileRef = 1F54D1555C0640D69D784B3D /* Roboto-Black.ttf */; };
		E6C9FD4928054E7CB783D5FA /* Roboto-BlackItalic.ttf in Resources */ = {isa = PBXBuildFile; fileRef = CA00E90F1C924B2FACA6D14C /* Roboto-BlackItalic.ttf */; };
		255127160EC8479CB8478FA2 /* Roboto-Bold.ttf in Resources */ = {isa = PBXBuildFile; fileRef = 14A5EDDD8AC348C1A3A76A3D /* Roboto-Bold.ttf */; };
		8518B99E5B244E1D8306D03D /* Roboto-BoldItalic.ttf in Resources */ = {isa = PBXBuildFile; fileRef = EC65D838E2B34D5B87B6CBD8 /* Roboto-BoldItalic.ttf */; };
		0169E5F1F8464319800C3C61 /* Roboto-Italic.ttf in Resources */ = {isa = PBXBuildFile; fileRef = DFB3127D15FB4C8AB73F96AE /* Roboto-Italic.ttf */; };
		BE655F3089C748D4AC7A8998 /* Roboto-Light.ttf in Resources */ = {isa = PBXBuildFile; fileRef = A0FCA085184D4E4A9DBA286E /* Roboto-Light.ttf */; };
		0D3EE6D142D847C3BBDB9280 /* Roboto-LightItalic.ttf in Resources */ = {isa = PBXBuildFile; fileRef = 32A69D2CD7C44F5C8FF511C1 /* Roboto-LightItalic.ttf */; };
		1689296AD48342C680D6089F /* Roboto-Medium.ttf in Resources */ = {isa = PBXBuildFile; fileRef = 77DD7841613D43E8A22281F1 /* Roboto-Medium.ttf */; };
		341369D78BA04A41BEB7F23C /* Roboto-MediumItalic.ttf in Resources */ = {isa = PBXBuildFile; fileRef = 3F18CB7E7BD54584B424C856 /* Roboto-MediumItalic.ttf */; };
		6579218DB5B842749E8B1C4F /* Roboto-Regular.ttf in Resources */ = {isa = PBXBuildFile; fileRef = 75DA1EF0AF2B4B9EA2FD5C9E /* Roboto-Regular.ttf */; };
		43BC2E5836CA4568B5E0D357 /* Roboto-Thin.ttf in Resources */ = {isa = PBXBuildFile; fileRef = 22A3E112614148EC94008A70 /* Roboto-Thin.ttf */; };
		9CF0F6D98C2B40DFABE85657 /* Roboto-ThinItalic.ttf in Resources */ = {isa = PBXBuildFile; fileRef = E65AA9E499364EACB29874FF /* Roboto-ThinItalic.ttf */; };
/* End PBXBuildFile section */

/* Begin PBXContainerItemProxy section */
		00E356F41AD99517003FC87E /* PBXContainerItemProxy */ = {
			isa = PBXContainerItemProxy;
			containerPortal = 83CBB9F71A601CBA00E9B192 /* Project object */;
			proxyType = 1;
			remoteGlobalIDString = 13B07F861A680F5B00A75B9A;
			remoteInfo = Journal;
		};
/* End PBXContainerItemProxy section */

/* Begin PBXFileReference section */
		00E356EE1AD99517003FC87E /* JournalTests.xctest */ = {isa = PBXFileReference; explicitFileType = wrapper.cfbundle; includeInIndex = 0; path = JournalTests.xctest; sourceTree = BUILT_PRODUCTS_DIR; };
		00E356F11AD99517003FC87E /* Info.plist */ = {isa = PBXFileReference; lastKnownFileType = text.plist.xml; path = Info.plist; sourceTree = "<group>"; };
		00E356F21AD99517003FC87E /* JournalTests.m */ = {isa = PBXFileReference; lastKnownFileType = sourcecode.c.objc; path = JournalTests.m; sourceTree = "<group>"; };
		13B07F961A680F5B00A75B9A /* Journal.app */ = {isa = PBXFileReference; explicitFileType = wrapper.application; includeInIndex = 0; path = Journal.app; sourceTree = BUILT_PRODUCTS_DIR; };
		13B07FAF1A68108700A75B9A /* AppDelegate.h */ = {isa = PBXFileReference; fileEncoding = 4; lastKnownFileType = sourcecode.c.h; name = AppDelegate.h; path = Journal/AppDelegate.h; sourceTree = "<group>"; };
		13B07FB01A68108700A75B9A /* AppDelegate.mm */ = {isa = PBXFileReference; fileEncoding = 4; lastKnownFileType = sourcecode.cpp.objcpp; name = AppDelegate.mm; path = Journal/AppDelegate.mm; sourceTree = "<group>"; };
		13B07FB51A68108700A75B9A /* Images.xcassets */ = {isa = PBXFileReference; lastKnownFileType = folder.assetcatalog; name = Images.xcassets; path = Journal/Images.xcassets; sourceTree = "<group>"; };
		13B07FB61A68108700A75B9A /* Info.plist */ = {isa = PBXFileReference; fileEncoding = 4; lastKnownFileType = text.plist.xml; name = Info.plist; path = Journal/Info.plist; sourceTree = "<group>"; };
		13B07FB71A68108700A75B9A /* main.m */ = {isa = PBXFileReference; fileEncoding = 4; lastKnownFileType = sourcecode.c.objc; name = main.m; path = Journal/main.m; sourceTree = "<group>"; };
		19F6CBCC0A4E27FBF8BF4A61 /* libPods-Journal-JournalTests.a */ = {isa = PBXFileReference; explicitFileType = archive.ar; includeInIndex = 0; path = "libPods-Journal-JournalTests.a"; sourceTree = BUILT_PRODUCTS_DIR; };
		3B4392A12AC88292D35C810B /* Pods-Journal.debug.xcconfig */ = {isa = PBXFileReference; includeInIndex = 1; lastKnownFileType = text.xcconfig; name = "Pods-Journal.debug.xcconfig"; path = "Target Support Files/Pods-Journal/Pods-Journal.debug.xcconfig"; sourceTree = "<group>"; };
		5709B34CF0A7D63546082F79 /* Pods-Journal.release.xcconfig */ = {isa = PBXFileReference; includeInIndex = 1; lastKnownFileType = text.xcconfig; name = "Pods-Journal.release.xcconfig"; path = "Target Support Files/Pods-Journal/Pods-Journal.release.xcconfig"; sourceTree = "<group>"; };
		5B7EB9410499542E8C5724F5 /* Pods-Journal-JournalTests.debug.xcconfig */ = {isa = PBXFileReference; includeInIndex = 1; lastKnownFileType = text.xcconfig; name = "Pods-Journal-JournalTests.debug.xcconfig"; path = "Target Support Files/Pods-Journal-JournalTests/Pods-Journal-JournalTests.debug.xcconfig"; sourceTree = "<group>"; };
		5DCACB8F33CDC322A6C60F78 /* libPods-Journal.a */ = {isa = PBXFileReference; explicitFileType = archive.ar; includeInIndex = 0; path = "libPods-Journal.a"; sourceTree = BUILT_PRODUCTS_DIR; };
		81AB9BB72411601600AC10FF /* LaunchScreen.storyboard */ = {isa = PBXFileReference; fileEncoding = 4; lastKnownFileType = file.storyboard; name = LaunchScreen.storyboard; path = Journal/LaunchScreen.storyboard; sourceTree = "<group>"; };
		89C6BE57DB24E9ADA2F236DE /* Pods-Journal-JournalTests.release.xcconfig */ = {isa = PBXFileReference; includeInIndex = 1; lastKnownFileType = text.xcconfig; name = "Pods-Journal-JournalTests.release.xcconfig"; path = "Target Support Files/Pods-Journal-JournalTests/Pods-Journal-JournalTests.release.xcconfig"; sourceTree = "<group>"; };
		ED297162215061F000B7C4FE /* JavaScriptCore.framework */ = {isa = PBXFileReference; lastKnownFileType = wrapper.framework; name = JavaScriptCore.framework; path = System/Library/Frameworks/JavaScriptCore.framework; sourceTree = SDKROOT; };
		386D8D5711C945FD87112EC8 /* Cabin.ttf */ = {isa = PBXFileReference; name = "Cabin.ttf"; path = "../assets/fonts/Cabin.ttf"; sourceTree = "<group>"; fileEncoding = undefined; lastKnownFileType = unknown; explicitFileType = undefined; includeInIndex = 0; };
		97EF3A58649746A883B3A90E /* Lobster-Regular.ttf */ = {isa = PBXFileReference; name = "Lobster-Regular.ttf"; path = "../assets/fonts/Lobster-Regular.ttf"; sourceTree = "<group>"; fileEncoding = undefined; lastKnownFileType = unknown; explicitFileType = undefined; includeInIndex = 0; };
		FF6F977F289042F2B453FCCF /* AntDesign.ttf */ = {isa = PBXFileReference; name = "AntDesign.ttf"; path = "../node_modules/react-native-vector-icons/Fonts/AntDesign.ttf"; sourceTree = "<group>"; fileEncoding = undefined; lastKnownFileType = unknown; explicitFileType = undefined; includeInIndex = 0; };
		2C50C5DA55EA4BC8A82C5388 /* Entypo.ttf */ = {isa = PBXFileReference; name = "Entypo.ttf"; path = "../node_modules/react-native-vector-icons/Fonts/Entypo.ttf"; sourceTree = "<group>"; fileEncoding = undefined; lastKnownFileType = unknown; explicitFileType = undefined; includeInIndex = 0; };
		F8CB256F73D24F56B23513F9 /* EvilIcons.ttf */ = {isa = PBXFileReference; name = "EvilIcons.ttf"; path = "../node_modules/react-native-vector-icons/Fonts/EvilIcons.ttf"; sourceTree = "<group>"; fileEncoding = undefined; lastKnownFileType = unknown; explicitFileType = undefined; includeInIndex = 0; };
		28C3D97FCA0346D0B6D3A694 /* Feather.ttf */ = {isa = PBXFileReference; name = "Feather.ttf"; path = "../node_modules/react-native-vector-icons/Fonts/Feather.ttf"; sourceTree = "<group>"; fileEncoding = undefined; lastKnownFileType = unknown; explicitFileType = undefined; includeInIndex = 0; };
		2808F2B763D843EB9DA65F96 /* FontAwesome.ttf */ = {isa = PBXFileReference; name = "FontAwesome.ttf"; path = "../node_modules/react-native-vector-icons/Fonts/FontAwesome.ttf"; sourceTree = "<group>"; fileEncoding = undefined; lastKnownFileType = unknown; explicitFileType = undefined; includeInIndex = 0; };
		25ED95388A8A4FD9885975FF /* FontAwesome5_Brands.ttf */ = {isa = PBXFileReference; name = "FontAwesome5_Brands.ttf"; path = "../node_modules/react-native-vector-icons/Fonts/FontAwesome5_Brands.ttf"; sourceTree = "<group>"; fileEncoding = undefined; lastKnownFileType = unknown; explicitFileType = undefined; includeInIndex = 0; };
		3D34304A0EA94C58AADF69BA /* FontAwesome5_Regular.ttf */ = {isa = PBXFileReference; name = "FontAwesome5_Regular.ttf"; path = "../node_modules/react-native-vector-icons/Fonts/FontAwesome5_Regular.ttf"; sourceTree = "<group>"; fileEncoding = undefined; lastKnownFileType = unknown; explicitFileType = undefined; includeInIndex = 0; };
		D863E753AB3A439387FFA5E8 /* FontAwesome5_Solid.ttf */ = {isa = PBXFileReference; name = "FontAwesome5_Solid.ttf"; path = "../node_modules/react-native-vector-icons/Fonts/FontAwesome5_Solid.ttf"; sourceTree = "<group>"; fileEncoding = undefined; lastKnownFileType = unknown; explicitFileType = undefined; includeInIndex = 0; };
		CDE3D4B2016D40838824B7CC /* Fontisto.ttf */ = {isa = PBXFileReference; name = "Fontisto.ttf"; path = "../node_modules/react-native-vector-icons/Fonts/Fontisto.ttf"; sourceTree = "<group>"; fileEncoding = undefined; lastKnownFileType = unknown; explicitFileType = undefined; includeInIndex = 0; };
		B473009CF75747E48EF582E1 /* Foundation.ttf */ = {isa = PBXFileReference; name = "Foundation.ttf"; path = "../node_modules/react-native-vector-icons/Fonts/Foundation.ttf"; sourceTree = "<group>"; fileEncoding = undefined; lastKnownFileType = unknown; explicitFileType = undefined; includeInIndex = 0; };
		75B06A5B41604094B6B2D9B9 /* Ionicons.ttf */ = {isa = PBXFileReference; name = "Ionicons.ttf"; path = "../node_modules/react-native-vector-icons/Fonts/Ionicons.ttf"; sourceTree = "<group>"; fileEncoding = undefined; lastKnownFileType = unknown; explicitFileType = undefined; includeInIndex = 0; };
		22038B4505644FB29C424E99 /* MaterialCommunityIcons.ttf */ = {isa = PBXFileReference; name = "MaterialCommunityIcons.ttf"; path = "../node_modules/react-native-vector-icons/Fonts/MaterialCommunityIcons.ttf"; sourceTree = "<group>"; fileEncoding = undefined; lastKnownFileType = unknown; explicitFileType = undefined; includeInIndex = 0; };
		4E99ED3D4BEF47A7BD47764C /* MaterialIcons.ttf */ = {isa = PBXFileReference; name = "MaterialIcons.ttf"; path = "../node_modules/react-native-vector-icons/Fonts/MaterialIcons.ttf"; sourceTree = "<group>"; fileEncoding = undefined; lastKnownFileType = unknown; explicitFileType = undefined; includeInIndex = 0; };
		A69BA840813A4C94BA3C483F /* Octicons.ttf */ = {isa = PBXFileReference; name = "Octicons.ttf"; path = "../node_modules/react-native-vector-icons/Fonts/Octicons.ttf"; sourceTree = "<group>"; fileEncoding = undefined; lastKnownFileType = unknown; explicitFileType = undefined; includeInIndex = 0; };
		E354747CDC1D4663A55AB80F /* SimpleLineIcons.ttf */ = {isa = PBXFileReference; name = "SimpleLineIcons.ttf"; path = "../node_modules/react-native-vector-icons/Fonts/SimpleLineIcons.ttf"; sourceTree = "<group>"; fileEncoding = undefined; lastKnownFileType = unknown; explicitFileType = undefined; includeInIndex = 0; };
		969CDBAA497941058B77A61C /* Zocial.ttf */ = {isa = PBXFileReference; name = "Zocial.ttf"; path = "../node_modules/react-native-vector-icons/Fonts/Zocial.ttf"; sourceTree = "<group>"; fileEncoding = undefined; lastKnownFileType = unknown; explicitFileType = undefined; includeInIndex = 0; };
		CFC95C1B435647059838406C /* Pacifico-Regular.ttf */ = {isa = PBXFileReference; name = "Pacifico-Regular.ttf"; path = "../assets/fonts/Pacifico-Regular.ttf"; sourceTree = "<group>"; fileEncoding = undefined; lastKnownFileType = unknown; explicitFileType = undefined; includeInIndex = 0; };
		81B0D1F318EB4434942C45B1 /* Montserrat-Black.ttf */ = {isa = PBXFileReference; name = "Montserrat-Black.ttf"; path = "../assets/fonts/Montserrat-Black.ttf"; sourceTree = "<group>"; fileEncoding = undefined; lastKnownFileType = unknown; explicitFileType = undefined; includeInIndex = 0; };
		BE153AB1965C4AE4905FCED9 /* Montserrat-BlackItalic.ttf */ = {isa = PBXFileReference; name = "Montserrat-BlackItalic.ttf"; path = "../assets/fonts/Montserrat-BlackItalic.ttf"; sourceTree = "<group>"; fileEncoding = undefined; lastKnownFileType = unknown; explicitFileType = undefined; includeInIndex = 0; };
		86915D015A264F1197823164 /* Montserrat-Bold.ttf */ = {isa = PBXFileReference; name = "Montserrat-Bold.ttf"; path = "../assets/fonts/Montserrat-Bold.ttf"; sourceTree = "<group>"; fileEncoding = undefined; lastKnownFileType = unknown; explicitFileType = undefined; includeInIndex = 0; };
		75FD33C448E54A4698E0535D /* Montserrat-BoldItalic.ttf */ = {isa = PBXFileReference; name = "Montserrat-BoldItalic.ttf"; path = "../assets/fonts/Montserrat-BoldItalic.ttf"; sourceTree = "<group>"; fileEncoding = undefined; lastKnownFileType = unknown; explicitFileType = undefined; includeInIndex = 0; };
		960A5E93CB4C4B4FB7638D35 /* Montserrat-ExtraBold.ttf */ = {isa = PBXFileReference; name = "Montserrat-ExtraBold.ttf"; path = "../assets/fonts/Montserrat-ExtraBold.ttf"; sourceTree = "<group>"; fileEncoding = undefined; lastKnownFileType = unknown; explicitFileType = undefined; includeInIndex = 0; };
		78006C0956184629BB1B651B /* Montserrat-ExtraBoldItalic.ttf */ = {isa = PBXFileReference; name = "Montserrat-ExtraBoldItalic.ttf"; path = "../assets/fonts/Montserrat-ExtraBoldItalic.ttf"; sourceTree = "<group>"; fileEncoding = undefined; lastKnownFileType = unknown; explicitFileType = undefined; includeInIndex = 0; };
		C8793BB64BB948A5BE306A17 /* Montserrat-ExtraLight.ttf */ = {isa = PBXFileReference; name = "Montserrat-ExtraLight.ttf"; path = "../assets/fonts/Montserrat-ExtraLight.ttf"; sourceTree = "<group>"; fileEncoding = undefined; lastKnownFileType = unknown; explicitFileType = undefined; includeInIndex = 0; };
		8C06D9A9704D4F578DDEB550 /* Montserrat-ExtraLightItalic.ttf */ = {isa = PBXFileReference; name = "Montserrat-ExtraLightItalic.ttf"; path = "../assets/fonts/Montserrat-ExtraLightItalic.ttf"; sourceTree = "<group>"; fileEncoding = undefined; lastKnownFileType = unknown; explicitFileType = undefined; includeInIndex = 0; };
		D6A64EB8C410429D94B609F8 /* Montserrat-Italic.ttf */ = {isa = PBXFileReference; name = "Montserrat-Italic.ttf"; path = "../assets/fonts/Montserrat-Italic.ttf"; sourceTree = "<group>"; fileEncoding = undefined; lastKnownFileType = unknown; explicitFileType = undefined; includeInIndex = 0; };
		0025541C38EC4405B44361E2 /* Montserrat-Light.ttf */ = {isa = PBXFileReference; name = "Montserrat-Light.ttf"; path = "../assets/fonts/Montserrat-Light.ttf"; sourceTree = "<group>"; fileEncoding = undefined; lastKnownFileType = unknown; explicitFileType = undefined; includeInIndex = 0; };
		C0096ADA3E084593BBD36ECB /* Montserrat-LightItalic.ttf */ = {isa = PBXFileReference; name = "Montserrat-LightItalic.ttf"; path = "../assets/fonts/Montserrat-LightItalic.ttf"; sourceTree = "<group>"; fileEncoding = undefined; lastKnownFileType = unknown; explicitFileType = undefined; includeInIndex = 0; };
		C6DB676A6CE2445592644C38 /* Montserrat-Medium.ttf */ = {isa = PBXFileReference; name = "Montserrat-Medium.ttf"; path = "../assets/fonts/Montserrat-Medium.ttf"; sourceTree = "<group>"; fileEncoding = undefined; lastKnownFileType = unknown; explicitFileType = undefined; includeInIndex = 0; };
		F7AB04AC6EF141AC821EB9EA /* Montserrat-MediumItalic.ttf */ = {isa = PBXFileReference; name = "Montserrat-MediumItalic.ttf"; path = "../assets/fonts/Montserrat-MediumItalic.ttf"; sourceTree = "<group>"; fileEncoding = undefined; lastKnownFileType = unknown; explicitFileType = undefined; includeInIndex = 0; };
		9E0B0430F93B4397BB0E6C10 /* Montserrat-Regular.ttf */ = {isa = PBXFileReference; name = "Montserrat-Regular.ttf"; path = "../assets/fonts/Montserrat-Regular.ttf"; sourceTree = "<group>"; fileEncoding = undefined; lastKnownFileType = unknown; explicitFileType = undefined; includeInIndex = 0; };
		7F9B050F44E841E3992FCF82 /* Montserrat-SemiBold.ttf */ = {isa = PBXFileReference; name = "Montserrat-SemiBold.ttf"; path = "../assets/fonts/Montserrat-SemiBold.ttf"; sourceTree = "<group>"; fileEncoding = undefined; lastKnownFileType = unknown; explicitFileType = undefined; includeInIndex = 0; };
		7753D3672213414382212847 /* Montserrat-SemiBoldItalic.ttf */ = {isa = PBXFileReference; name = "Montserrat-SemiBoldItalic.ttf"; path = "../assets/fonts/Montserrat-SemiBoldItalic.ttf"; sourceTree = "<group>"; fileEncoding = undefined; lastKnownFileType = unknown; explicitFileType = undefined; includeInIndex = 0; };
		90866F37661F47D1B42B8FD9 /* Montserrat-Thin.ttf */ = {isa = PBXFileReference; name = "Montserrat-Thin.ttf"; path = "../assets/fonts/Montserrat-Thin.ttf"; sourceTree = "<group>"; fileEncoding = undefined; lastKnownFileType = unknown; explicitFileType = undefined; includeInIndex = 0; };
		67B1443898EE436E98618CB7 /* Montserrat-ThinItalic.ttf */ = {isa = PBXFileReference; name = "Montserrat-ThinItalic.ttf"; path = "../assets/fonts/Montserrat-ThinItalic.ttf"; sourceTree = "<group>"; fileEncoding = undefined; lastKnownFileType = unknown; explicitFileType = undefined; includeInIndex = 0; };
		F5DCB9E213D94AC29076254F /* OpenSans_Condensed-Bold.ttf */ = {isa = PBXFileReference; name = "OpenSans_Condensed-Bold.ttf"; path = "../assets/fonts/OpenSans_Condensed-Bold.ttf"; sourceTree = "<group>"; fileEncoding = undefined; lastKnownFileType = unknown; explicitFileType = undefined; includeInIndex = 0; };
		42195DFEA2404F309BD10F5F /* OpenSans_Condensed-BoldItalic.ttf */ = {isa = PBXFileReference; name = "OpenSans_Condensed-BoldItalic.ttf"; path = "../assets/fonts/OpenSans_Condensed-BoldItalic.ttf"; sourceTree = "<group>"; fileEncoding = undefined; lastKnownFileType = unknown; explicitFileType = undefined; includeInIndex = 0; };
		5C2504F9481F4640BC4DD710 /* OpenSans_Condensed-ExtraBold.ttf */ = {isa = PBXFileReference; name = "OpenSans_Condensed-ExtraBold.ttf"; path = "../assets/fonts/OpenSans_Condensed-ExtraBold.ttf"; sourceTree = "<group>"; fileEncoding = undefined; lastKnownFileType = unknown; explicitFileType = undefined; includeInIndex = 0; };
		FE9E4FE93B6A4BAFA2350E86 /* OpenSans_Condensed-ExtraBoldItalic.ttf */ = {isa = PBXFileReference; name = "OpenSans_Condensed-ExtraBoldItalic.ttf"; path = "../assets/fonts/OpenSans_Condensed-ExtraBoldItalic.ttf"; sourceTree = "<group>"; fileEncoding = undefined; lastKnownFileType = unknown; explicitFileType = undefined; includeInIndex = 0; };
		11F45AC633A7446A8FDE67D7 /* OpenSans_Condensed-Italic.ttf */ = {isa = PBXFileReference; name = "OpenSans_Condensed-Italic.ttf"; path = "../assets/fonts/OpenSans_Condensed-Italic.ttf"; sourceTree = "<group>"; fileEncoding = undefined; lastKnownFileType = unknown; explicitFileType = undefined; includeInIndex = 0; };
		00FD2A69E1444D27AF1C84A7 /* OpenSans_Condensed-Light.ttf */ = {isa = PBXFileReference; name = "OpenSans_Condensed-Light.ttf"; path = "../assets/fonts/OpenSans_Condensed-Light.ttf"; sourceTree = "<group>"; fileEncoding = undefined; lastKnownFileType = unknown; explicitFileType = undefined; includeInIndex = 0; };
		7142B3A1764944EBA77AC88C /* OpenSans_Condensed-LightItalic.ttf */ = {isa = PBXFileReference; name = "OpenSans_Condensed-LightItalic.ttf"; path = "../assets/fonts/OpenSans_Condensed-LightItalic.ttf"; sourceTree = "<group>"; fileEncoding = undefined; lastKnownFileType = unknown; explicitFileType = undefined; includeInIndex = 0; };
		395B8C1243594D8DA288F7E2 /* OpenSans_Condensed-Medium.ttf */ = {isa = PBXFileReference; name = "OpenSans_Condensed-Medium.ttf"; path = "../assets/fonts/OpenSans_Condensed-Medium.ttf"; sourceTree = "<group>"; fileEncoding = undefined; lastKnownFileType = unknown; explicitFileType = undefined; includeInIndex = 0; };
		17AFCBD34B0A488690C3D877 /* OpenSans_Condensed-MediumItalic.ttf */ = {isa = PBXFileReference; name = "OpenSans_Condensed-MediumItalic.ttf"; path = "../assets/fonts/OpenSans_Condensed-MediumItalic.ttf"; sourceTree = "<group>"; fileEncoding = undefined; lastKnownFileType = unknown; explicitFileType = undefined; includeInIndex = 0; };
		DF78714F0CDA4F70A3A33B8E /* OpenSans_Condensed-Regular.ttf */ = {isa = PBXFileReference; name = "OpenSans_Condensed-Regular.ttf"; path = "../assets/fonts/OpenSans_Condensed-Regular.ttf"; sourceTree = "<group>"; fileEncoding = undefined; lastKnownFileType = unknown; explicitFileType = undefined; includeInIndex = 0; };
		123F9046CD914C4EB218ACC7 /* OpenSans_Condensed-SemiBold.ttf */ = {isa = PBXFileReference; name = "OpenSans_Condensed-SemiBold.ttf"; path = "../assets/fonts/OpenSans_Condensed-SemiBold.ttf"; sourceTree = "<group>"; fileEncoding = undefined; lastKnownFileType = unknown; explicitFileType = undefined; includeInIndex = 0; };
		100705BE76C14935BF82689A /* OpenSans_Condensed-SemiBoldItalic.ttf */ = {isa = PBXFileReference; name = "OpenSans_Condensed-SemiBoldItalic.ttf"; path = "../assets/fonts/OpenSans_Condensed-SemiBoldItalic.ttf"; sourceTree = "<group>"; fileEncoding = undefined; lastKnownFileType = unknown; explicitFileType = undefined; includeInIndex = 0; };
		65C24F062E1348DD91DD668E /* OpenSans_SemiCondensed-Bold.ttf */ = {isa = PBXFileReference; name = "OpenSans_SemiCondensed-Bold.ttf"; path = "../assets/fonts/OpenSans_SemiCondensed-Bold.ttf"; sourceTree = "<group>"; fileEncoding = undefined; lastKnownFileType = unknown; explicitFileType = undefined; includeInIndex = 0; };
		D157E444E93F4874909620F8 /* OpenSans_SemiCondensed-BoldItalic.ttf */ = {isa = PBXFileReference; name = "OpenSans_SemiCondensed-BoldItalic.ttf"; path = "../assets/fonts/OpenSans_SemiCondensed-BoldItalic.ttf"; sourceTree = "<group>"; fileEncoding = undefined; lastKnownFileType = unknown; explicitFileType = undefined; includeInIndex = 0; };
		C447DB247F37447AA04D48CA /* OpenSans_SemiCondensed-ExtraBold.ttf */ = {isa = PBXFileReference; name = "OpenSans_SemiCondensed-ExtraBold.ttf"; path = "../assets/fonts/OpenSans_SemiCondensed-ExtraBold.ttf"; sourceTree = "<group>"; fileEncoding = undefined; lastKnownFileType = unknown; explicitFileType = undefined; includeInIndex = 0; };
		A8278684D1714EF5B34E2F24 /* OpenSans_SemiCondensed-ExtraBoldItalic.ttf */ = {isa = PBXFileReference; name = "OpenSans_SemiCondensed-ExtraBoldItalic.ttf"; path = "../assets/fonts/OpenSans_SemiCondensed-ExtraBoldItalic.ttf"; sourceTree = "<group>"; fileEncoding = undefined; lastKnownFileType = unknown; explicitFileType = undefined; includeInIndex = 0; };
		421330C3E23145889E4E0ACA /* OpenSans_SemiCondensed-Italic.ttf */ = {isa = PBXFileReference; name = "OpenSans_SemiCondensed-Italic.ttf"; path = "../assets/fonts/OpenSans_SemiCondensed-Italic.ttf"; sourceTree = "<group>"; fileEncoding = undefined; lastKnownFileType = unknown; explicitFileType = undefined; includeInIndex = 0; };
		55EBF3DD5BCA4791B350AEE1 /* OpenSans_SemiCondensed-Light.ttf */ = {isa = PBXFileReference; name = "OpenSans_SemiCondensed-Light.ttf"; path = "../assets/fonts/OpenSans_SemiCondensed-Light.ttf"; sourceTree = "<group>"; fileEncoding = undefined; lastKnownFileType = unknown; explicitFileType = undefined; includeInIndex = 0; };
		A270F47B772145C187F05C1B /* OpenSans_SemiCondensed-LightItalic.ttf */ = {isa = PBXFileReference; name = "OpenSans_SemiCondensed-LightItalic.ttf"; path = "../assets/fonts/OpenSans_SemiCondensed-LightItalic.ttf"; sourceTree = "<group>"; fileEncoding = undefined; lastKnownFileType = unknown; explicitFileType = undefined; includeInIndex = 0; };
		7256874F39B24AEEB1DBBF90 /* OpenSans_SemiCondensed-Medium.ttf */ = {isa = PBXFileReference; name = "OpenSans_SemiCondensed-Medium.ttf"; path = "../assets/fonts/OpenSans_SemiCondensed-Medium.ttf"; sourceTree = "<group>"; fileEncoding = undefined; lastKnownFileType = unknown; explicitFileType = undefined; includeInIndex = 0; };
		4C42F1B39A344819ADC6B347 /* OpenSans_SemiCondensed-MediumItalic.ttf */ = {isa = PBXFileReference; name = "OpenSans_SemiCondensed-MediumItalic.ttf"; path = "../assets/fonts/OpenSans_SemiCondensed-MediumItalic.ttf"; sourceTree = "<group>"; fileEncoding = undefined; lastKnownFileType = unknown; explicitFileType = undefined; includeInIndex = 0; };
		57E22D781BE24239A87E8EE9 /* OpenSans_SemiCondensed-Regular.ttf */ = {isa = PBXFileReference; name = "OpenSans_SemiCondensed-Regular.ttf"; path = "../assets/fonts/OpenSans_SemiCondensed-Regular.ttf"; sourceTree = "<group>"; fileEncoding = undefined; lastKnownFileType = unknown; explicitFileType = undefined; includeInIndex = 0; };
		94F263B327E34B30A9EFAAB6 /* OpenSans_SemiCondensed-SemiBold.ttf */ = {isa = PBXFileReference; name = "OpenSans_SemiCondensed-SemiBold.ttf"; path = "../assets/fonts/OpenSans_SemiCondensed-SemiBold.ttf"; sourceTree = "<group>"; fileEncoding = undefined; lastKnownFileType = unknown; explicitFileType = undefined; includeInIndex = 0; };
		A7ECD3DEB2F14E2E96BFCE7B /* OpenSans_SemiCondensed-SemiBoldItalic.ttf */ = {isa = PBXFileReference; name = "OpenSans_SemiCondensed-SemiBoldItalic.ttf"; path = "../assets/fonts/OpenSans_SemiCondensed-SemiBoldItalic.ttf"; sourceTree = "<group>"; fileEncoding = undefined; lastKnownFileType = unknown; explicitFileType = undefined; includeInIndex = 0; };
		705A088227BE4D02BEE82764 /* OpenSans-Bold.ttf */ = {isa = PBXFileReference; name = "OpenSans-Bold.ttf"; path = "../assets/fonts/OpenSans-Bold.ttf"; sourceTree = "<group>"; fileEncoding = undefined; lastKnownFileType = unknown; explicitFileType = undefined; includeInIndex = 0; };
		EB172280E5774F05A27550D1 /* OpenSans-BoldItalic.ttf */ = {isa = PBXFileReference; name = "OpenSans-BoldItalic.ttf"; path = "../assets/fonts/OpenSans-BoldItalic.ttf"; sourceTree = "<group>"; fileEncoding = undefined; lastKnownFileType = unknown; explicitFileType = undefined; includeInIndex = 0; };
		39FF4E56EC764DAC8F13C61E /* OpenSans-ExtraBold.ttf */ = {isa = PBXFileReference; name = "OpenSans-ExtraBold.ttf"; path = "../assets/fonts/OpenSans-ExtraBold.ttf"; sourceTree = "<group>"; fileEncoding = undefined; lastKnownFileType = unknown; explicitFileType = undefined; includeInIndex = 0; };
		790E7158312C4F1FAA4C8B69 /* OpenSans-ExtraBoldItalic.ttf */ = {isa = PBXFileReference; name = "OpenSans-ExtraBoldItalic.ttf"; path = "../assets/fonts/OpenSans-ExtraBoldItalic.ttf"; sourceTree = "<group>"; fileEncoding = undefined; lastKnownFileType = unknown; explicitFileType = undefined; includeInIndex = 0; };
		E92D540EE88B4E59848D35B8 /* OpenSans-Italic.ttf */ = {isa = PBXFileReference; name = "OpenSans-Italic.ttf"; path = "../assets/fonts/OpenSans-Italic.ttf"; sourceTree = "<group>"; fileEncoding = undefined; lastKnownFileType = unknown; explicitFileType = undefined; includeInIndex = 0; };
		3309A0AD49104A5DBCB1BD88 /* OpenSans-Light.ttf */ = {isa = PBXFileReference; name = "OpenSans-Light.ttf"; path = "../assets/fonts/OpenSans-Light.ttf"; sourceTree = "<group>"; fileEncoding = undefined; lastKnownFileType = unknown; explicitFileType = undefined; includeInIndex = 0; };
		C752421E74554759948C9A4E /* OpenSans-LightItalic.ttf */ = {isa = PBXFileReference; name = "OpenSans-LightItalic.ttf"; path = "../assets/fonts/OpenSans-LightItalic.ttf"; sourceTree = "<group>"; fileEncoding = undefined; lastKnownFileType = unknown; explicitFileType = undefined; includeInIndex = 0; };
		78BEBBACB69A45C08BC8B6C1 /* OpenSans-Medium.ttf */ = {isa = PBXFileReference; name = "OpenSans-Medium.ttf"; path = "../assets/fonts/OpenSans-Medium.ttf"; sourceTree = "<group>"; fileEncoding = undefined; lastKnownFileType = unknown; explicitFileType = undefined; includeInIndex = 0; };
		2A83E435371D40BF85359EB1 /* OpenSans-MediumItalic.ttf */ = {isa = PBXFileReference; name = "OpenSans-MediumItalic.ttf"; path = "../assets/fonts/OpenSans-MediumItalic.ttf"; sourceTree = "<group>"; fileEncoding = undefined; lastKnownFileType = unknown; explicitFileType = undefined; includeInIndex = 0; };
		314995D9AE244BDEA6A9AB65 /* OpenSans-Regular.ttf */ = {isa = PBXFileReference; name = "OpenSans-Regular.ttf"; path = "../assets/fonts/OpenSans-Regular.ttf"; sourceTree = "<group>"; fileEncoding = undefined; lastKnownFileType = unknown; explicitFileType = undefined; includeInIndex = 0; };
		B2BC43EBBF3342CEB987619B /* OpenSans-SemiBold.ttf */ = {isa = PBXFileReference; name = "OpenSans-SemiBold.ttf"; path = "../assets/fonts/OpenSans-SemiBold.ttf"; sourceTree = "<group>"; fileEncoding = undefined; lastKnownFileType = unknown; explicitFileType = undefined; includeInIndex = 0; };
		C5DCFCF44CC4438285A8894C /* OpenSans-SemiBoldItalic.ttf */ = {isa = PBXFileReference; name = "OpenSans-SemiBoldItalic.ttf"; path = "../assets/fonts/OpenSans-SemiBoldItalic.ttf"; sourceTree = "<group>"; fileEncoding = undefined; lastKnownFileType = unknown; explicitFileType = undefined; includeInIndex = 0; };
		1F54D1555C0640D69D784B3D /* Roboto-Black.ttf */ = {isa = PBXFileReference; name = "Roboto-Black.ttf"; path = "../assets/fonts/Roboto-Black.ttf"; sourceTree = "<group>"; fileEncoding = undefined; lastKnownFileType = unknown; explicitFileType = undefined; includeInIndex = 0; };
		CA00E90F1C924B2FACA6D14C /* Roboto-BlackItalic.ttf */ = {isa = PBXFileReference; name = "Roboto-BlackItalic.ttf"; path = "../assets/fonts/Roboto-BlackItalic.ttf"; sourceTree = "<group>"; fileEncoding = undefined; lastKnownFileType = unknown; explicitFileType = undefined; includeInIndex = 0; };
		14A5EDDD8AC348C1A3A76A3D /* Roboto-Bold.ttf */ = {isa = PBXFileReference; name = "Roboto-Bold.ttf"; path = "../assets/fonts/Roboto-Bold.ttf"; sourceTree = "<group>"; fileEncoding = undefined; lastKnownFileType = unknown; explicitFileType = undefined; includeInIndex = 0; };
		EC65D838E2B34D5B87B6CBD8 /* Roboto-BoldItalic.ttf */ = {isa = PBXFileReference; name = "Roboto-BoldItalic.ttf"; path = "../assets/fonts/Roboto-BoldItalic.ttf"; sourceTree = "<group>"; fileEncoding = undefined; lastKnownFileType = unknown; explicitFileType = undefined; includeInIndex = 0; };
		DFB3127D15FB4C8AB73F96AE /* Roboto-Italic.ttf */ = {isa = PBXFileReference; name = "Roboto-Italic.ttf"; path = "../assets/fonts/Roboto-Italic.ttf"; sourceTree = "<group>"; fileEncoding = undefined; lastKnownFileType = unknown; explicitFileType = undefined; includeInIndex = 0; };
		A0FCA085184D4E4A9DBA286E /* Roboto-Light.ttf */ = {isa = PBXFileReference; name = "Roboto-Light.ttf"; path = "../assets/fonts/Roboto-Light.ttf"; sourceTree = "<group>"; fileEncoding = undefined; lastKnownFileType = unknown; explicitFileType = undefined; includeInIndex = 0; };
		32A69D2CD7C44F5C8FF511C1 /* Roboto-LightItalic.ttf */ = {isa = PBXFileReference; name = "Roboto-LightItalic.ttf"; path = "../assets/fonts/Roboto-LightItalic.ttf"; sourceTree = "<group>"; fileEncoding = undefined; lastKnownFileType = unknown; explicitFileType = undefined; includeInIndex = 0; };
		77DD7841613D43E8A22281F1 /* Roboto-Medium.ttf */ = {isa = PBXFileReference; name = "Roboto-Medium.ttf"; path = "../assets/fonts/Roboto-Medium.ttf"; sourceTree = "<group>"; fileEncoding = undefined; lastKnownFileType = unknown; explicitFileType = undefined; includeInIndex = 0; };
		3F18CB7E7BD54584B424C856 /* Roboto-MediumItalic.ttf */ = {isa = PBXFileReference; name = "Roboto-MediumItalic.ttf"; path = "../assets/fonts/Roboto-MediumItalic.ttf"; sourceTree = "<group>"; fileEncoding = undefined; lastKnownFileType = unknown; explicitFileType = undefined; includeInIndex = 0; };
		75DA1EF0AF2B4B9EA2FD5C9E /* Roboto-Regular.ttf */ = {isa = PBXFileReference; name = "Roboto-Regular.ttf"; path = "../assets/fonts/Roboto-Regular.ttf"; sourceTree = "<group>"; fileEncoding = undefined; lastKnownFileType = unknown; explicitFileType = undefined; includeInIndex = 0; };
		22A3E112614148EC94008A70 /* Roboto-Thin.ttf */ = {isa = PBXFileReference; name = "Roboto-Thin.ttf"; path = "../assets/fonts/Roboto-Thin.ttf"; sourceTree = "<group>"; fileEncoding = undefined; lastKnownFileType = unknown; explicitFileType = undefined; includeInIndex = 0; };
		E65AA9E499364EACB29874FF /* Roboto-ThinItalic.ttf */ = {isa = PBXFileReference; name = "Roboto-ThinItalic.ttf"; path = "../assets/fonts/Roboto-ThinItalic.ttf"; sourceTree = "<group>"; fileEncoding = undefined; lastKnownFileType = unknown; explicitFileType = undefined; includeInIndex = 0; };
/* End PBXFileReference section */

/* Begin PBXFrameworksBuildPhase section */
		00E356EB1AD99517003FC87E /* Frameworks */ = {
			isa = PBXFrameworksBuildPhase;
			buildActionMask = 2147483647;
			files = (
				7699B88040F8A987B510C191 /* libPods-Journal-JournalTests.a in Frameworks */,
			);
			runOnlyForDeploymentPostprocessing = 0;
		};
		13B07F8C1A680F5B00A75B9A /* Frameworks */ = {
			isa = PBXFrameworksBuildPhase;
			buildActionMask = 2147483647;
			files = (
				0C80B921A6F3F58F76C31292 /* libPods-Journal.a in Frameworks */,
			);
			runOnlyForDeploymentPostprocessing = 0;
		};
/* End PBXFrameworksBuildPhase section */

/* Begin PBXGroup section */
		00E356EF1AD99517003FC87E /* JournalTests */ = {
			isa = PBXGroup;
			children = (
				00E356F21AD99517003FC87E /* JournalTests.m */,
				00E356F01AD99517003FC87E /* Supporting Files */,
			);
			path = JournalTests;
			sourceTree = "<group>";
		};
		00E356F01AD99517003FC87E /* Supporting Files */ = {
			isa = PBXGroup;
			children = (
				00E356F11AD99517003FC87E /* Info.plist */,
			);
			name = "Supporting Files";
			sourceTree = "<group>";
		};
		13B07FAE1A68108700A75B9A /* Journal */ = {
			isa = PBXGroup;
			children = (
				13B07FAF1A68108700A75B9A /* AppDelegate.h */,
				13B07FB01A68108700A75B9A /* AppDelegate.mm */,
				13B07FB51A68108700A75B9A /* Images.xcassets */,
				13B07FB61A68108700A75B9A /* Info.plist */,
				81AB9BB72411601600AC10FF /* LaunchScreen.storyboard */,
				13B07FB71A68108700A75B9A /* main.m */,
			);
			name = Journal;
			sourceTree = "<group>";
		};
		2D16E6871FA4F8E400B85C8A /* Frameworks */ = {
			isa = PBXGroup;
			children = (
				ED297162215061F000B7C4FE /* JavaScriptCore.framework */,
				5DCACB8F33CDC322A6C60F78 /* libPods-Journal.a */,
				19F6CBCC0A4E27FBF8BF4A61 /* libPods-Journal-JournalTests.a */,
			);
			name = Frameworks;
			sourceTree = "<group>";
		};
		832341AE1AAA6A7D00B99B32 /* Libraries */ = {
			isa = PBXGroup;
			children = (
			);
			name = Libraries;
			sourceTree = "<group>";
		};
		83CBB9F61A601CBA00E9B192 = {
			isa = PBXGroup;
			children = (
				13B07FAE1A68108700A75B9A /* Journal */,
				832341AE1AAA6A7D00B99B32 /* Libraries */,
				00E356EF1AD99517003FC87E /* JournalTests */,
				83CBBA001A601CBA00E9B192 /* Products */,
				2D16E6871FA4F8E400B85C8A /* Frameworks */,
				BBD78D7AC51CEA395F1C20DB /* Pods */,
				42B9C5D8AC0D469294DF6636 /* Resources */,
			);
			indentWidth = 2;
			sourceTree = "<group>";
			tabWidth = 2;
			usesTabs = 0;
		};
		83CBBA001A601CBA00E9B192 /* Products */ = {
			isa = PBXGroup;
			children = (
				13B07F961A680F5B00A75B9A /* Journal.app */,
				00E356EE1AD99517003FC87E /* JournalTests.xctest */,
			);
			name = Products;
			sourceTree = "<group>";
		};
		BBD78D7AC51CEA395F1C20DB /* Pods */ = {
			isa = PBXGroup;
			children = (
				3B4392A12AC88292D35C810B /* Pods-Journal.debug.xcconfig */,
				5709B34CF0A7D63546082F79 /* Pods-Journal.release.xcconfig */,
				5B7EB9410499542E8C5724F5 /* Pods-Journal-JournalTests.debug.xcconfig */,
				89C6BE57DB24E9ADA2F236DE /* Pods-Journal-JournalTests.release.xcconfig */,
			);
			path = Pods;
			sourceTree = "<group>";
		};
		42B9C5D8AC0D469294DF6636 /* Resources */ = {
			isa = "PBXGroup";
			children = (
				386D8D5711C945FD87112EC8 /* Cabin.ttf */,
				97EF3A58649746A883B3A90E /* Lobster-Regular.ttf */,
				FF6F977F289042F2B453FCCF /* AntDesign.ttf */,
				2C50C5DA55EA4BC8A82C5388 /* Entypo.ttf */,
				F8CB256F73D24F56B23513F9 /* EvilIcons.ttf */,
				28C3D97FCA0346D0B6D3A694 /* Feather.ttf */,
				2808F2B763D843EB9DA65F96 /* FontAwesome.ttf */,
				25ED95388A8A4FD9885975FF /* FontAwesome5_Brands.ttf */,
				3D34304A0EA94C58AADF69BA /* FontAwesome5_Regular.ttf */,
				D863E753AB3A439387FFA5E8 /* FontAwesome5_Solid.ttf */,
				CDE3D4B2016D40838824B7CC /* Fontisto.ttf */,
				B473009CF75747E48EF582E1 /* Foundation.ttf */,
				75B06A5B41604094B6B2D9B9 /* Ionicons.ttf */,
				22038B4505644FB29C424E99 /* MaterialCommunityIcons.ttf */,
				4E99ED3D4BEF47A7BD47764C /* MaterialIcons.ttf */,
				A69BA840813A4C94BA3C483F /* Octicons.ttf */,
				E354747CDC1D4663A55AB80F /* SimpleLineIcons.ttf */,
				969CDBAA497941058B77A61C /* Zocial.ttf */,
				CFC95C1B435647059838406C /* Pacifico-Regular.ttf */,
				81B0D1F318EB4434942C45B1 /* Montserrat-Black.ttf */,
				BE153AB1965C4AE4905FCED9 /* Montserrat-BlackItalic.ttf */,
				86915D015A264F1197823164 /* Montserrat-Bold.ttf */,
				75FD33C448E54A4698E0535D /* Montserrat-BoldItalic.ttf */,
				960A5E93CB4C4B4FB7638D35 /* Montserrat-ExtraBold.ttf */,
				78006C0956184629BB1B651B /* Montserrat-ExtraBoldItalic.ttf */,
				C8793BB64BB948A5BE306A17 /* Montserrat-ExtraLight.ttf */,
				8C06D9A9704D4F578DDEB550 /* Montserrat-ExtraLightItalic.ttf */,
				D6A64EB8C410429D94B609F8 /* Montserrat-Italic.ttf */,
				0025541C38EC4405B44361E2 /* Montserrat-Light.ttf */,
				C0096ADA3E084593BBD36ECB /* Montserrat-LightItalic.ttf */,
				C6DB676A6CE2445592644C38 /* Montserrat-Medium.ttf */,
				F7AB04AC6EF141AC821EB9EA /* Montserrat-MediumItalic.ttf */,
				9E0B0430F93B4397BB0E6C10 /* Montserrat-Regular.ttf */,
				7F9B050F44E841E3992FCF82 /* Montserrat-SemiBold.ttf */,
				7753D3672213414382212847 /* Montserrat-SemiBoldItalic.ttf */,
				90866F37661F47D1B42B8FD9 /* Montserrat-Thin.ttf */,
				67B1443898EE436E98618CB7 /* Montserrat-ThinItalic.ttf */,
				F5DCB9E213D94AC29076254F /* OpenSans_Condensed-Bold.ttf */,
				42195DFEA2404F309BD10F5F /* OpenSans_Condensed-BoldItalic.ttf */,
				5C2504F9481F4640BC4DD710 /* OpenSans_Condensed-ExtraBold.ttf */,
				FE9E4FE93B6A4BAFA2350E86 /* OpenSans_Condensed-ExtraBoldItalic.ttf */,
				11F45AC633A7446A8FDE67D7 /* OpenSans_Condensed-Italic.ttf */,
				00FD2A69E1444D27AF1C84A7 /* OpenSans_Condensed-Light.ttf */,
				7142B3A1764944EBA77AC88C /* OpenSans_Condensed-LightItalic.ttf */,
				395B8C1243594D8DA288F7E2 /* OpenSans_Condensed-Medium.ttf */,
				17AFCBD34B0A488690C3D877 /* OpenSans_Condensed-MediumItalic.ttf */,
				DF78714F0CDA4F70A3A33B8E /* OpenSans_Condensed-Regular.ttf */,
				123F9046CD914C4EB218ACC7 /* OpenSans_Condensed-SemiBold.ttf */,
				100705BE76C14935BF82689A /* OpenSans_Condensed-SemiBoldItalic.ttf */,
				65C24F062E1348DD91DD668E /* OpenSans_SemiCondensed-Bold.ttf */,
				D157E444E93F4874909620F8 /* OpenSans_SemiCondensed-BoldItalic.ttf */,
				C447DB247F37447AA04D48CA /* OpenSans_SemiCondensed-ExtraBold.ttf */,
				A8278684D1714EF5B34E2F24 /* OpenSans_SemiCondensed-ExtraBoldItalic.ttf */,
				421330C3E23145889E4E0ACA /* OpenSans_SemiCondensed-Italic.ttf */,
				55EBF3DD5BCA4791B350AEE1 /* OpenSans_SemiCondensed-Light.ttf */,
				A270F47B772145C187F05C1B /* OpenSans_SemiCondensed-LightItalic.ttf */,
				7256874F39B24AEEB1DBBF90 /* OpenSans_SemiCondensed-Medium.ttf */,
				4C42F1B39A344819ADC6B347 /* OpenSans_SemiCondensed-MediumItalic.ttf */,
				57E22D781BE24239A87E8EE9 /* OpenSans_SemiCondensed-Regular.ttf */,
				94F263B327E34B30A9EFAAB6 /* OpenSans_SemiCondensed-SemiBold.ttf */,
				A7ECD3DEB2F14E2E96BFCE7B /* OpenSans_SemiCondensed-SemiBoldItalic.ttf */,
				705A088227BE4D02BEE82764 /* OpenSans-Bold.ttf */,
				EB172280E5774F05A27550D1 /* OpenSans-BoldItalic.ttf */,
				39FF4E56EC764DAC8F13C61E /* OpenSans-ExtraBold.ttf */,
				790E7158312C4F1FAA4C8B69 /* OpenSans-ExtraBoldItalic.ttf */,
				E92D540EE88B4E59848D35B8 /* OpenSans-Italic.ttf */,
				3309A0AD49104A5DBCB1BD88 /* OpenSans-Light.ttf */,
				C752421E74554759948C9A4E /* OpenSans-LightItalic.ttf */,
				78BEBBACB69A45C08BC8B6C1 /* OpenSans-Medium.ttf */,
				2A83E435371D40BF85359EB1 /* OpenSans-MediumItalic.ttf */,
				314995D9AE244BDEA6A9AB65 /* OpenSans-Regular.ttf */,
				B2BC43EBBF3342CEB987619B /* OpenSans-SemiBold.ttf */,
				C5DCFCF44CC4438285A8894C /* OpenSans-SemiBoldItalic.ttf */,
				1F54D1555C0640D69D784B3D /* Roboto-Black.ttf */,
				CA00E90F1C924B2FACA6D14C /* Roboto-BlackItalic.ttf */,
				14A5EDDD8AC348C1A3A76A3D /* Roboto-Bold.ttf */,
				EC65D838E2B34D5B87B6CBD8 /* Roboto-BoldItalic.ttf */,
				DFB3127D15FB4C8AB73F96AE /* Roboto-Italic.ttf */,
				A0FCA085184D4E4A9DBA286E /* Roboto-Light.ttf */,
				32A69D2CD7C44F5C8FF511C1 /* Roboto-LightItalic.ttf */,
				77DD7841613D43E8A22281F1 /* Roboto-Medium.ttf */,
				3F18CB7E7BD54584B424C856 /* Roboto-MediumItalic.ttf */,
				75DA1EF0AF2B4B9EA2FD5C9E /* Roboto-Regular.ttf */,
				22A3E112614148EC94008A70 /* Roboto-Thin.ttf */,
				E65AA9E499364EACB29874FF /* Roboto-ThinItalic.ttf */,
			);
			name = Resources;
			sourceTree = "<group>";
			path = "";
		};
/* End PBXGroup section */

/* Begin PBXNativeTarget section */
		00E356ED1AD99517003FC87E /* JournalTests */ = {
			isa = PBXNativeTarget;
			buildConfigurationList = 00E357021AD99517003FC87E /* Build configuration list for PBXNativeTarget "JournalTests" */;
			buildPhases = (
				A55EABD7B0C7F3A422A6CC61 /* [CP] Check Pods Manifest.lock */,
				00E356EA1AD99517003FC87E /* Sources */,
				00E356EB1AD99517003FC87E /* Frameworks */,
				00E356EC1AD99517003FC87E /* Resources */,
				C59DA0FBD6956966B86A3779 /* [CP] Embed Pods Frameworks */,
				F6A41C54EA430FDDC6A6ED99 /* [CP] Copy Pods Resources */,
			);
			buildRules = (
			);
			dependencies = (
				00E356F51AD99517003FC87E /* PBXTargetDependency */,
			);
			name = JournalTests;
			productName = JournalTests;
			productReference = 00E356EE1AD99517003FC87E /* JournalTests.xctest */;
			productType = "com.apple.product-type.bundle.unit-test";
		};
		13B07F861A680F5B00A75B9A /* Journal */ = {
			isa = PBXNativeTarget;
			buildConfigurationList = 13B07F931A680F5B00A75B9A /* Build configuration list for PBXNativeTarget "Journal" */;
			buildPhases = (
				C38B50BA6285516D6DCD4F65 /* [CP] Check Pods Manifest.lock */,
				FD10A7F022414F080027D42C /* Start Packager */,
				13B07F871A680F5B00A75B9A /* Sources */,
				13B07F8C1A680F5B00A75B9A /* Frameworks */,
				13B07F8E1A680F5B00A75B9A /* Resources */,
				00DD1BFF1BD5951E006B06BC /* Bundle React Native code and images */,
				00EEFC60759A1932668264C0 /* [CP] Embed Pods Frameworks */,
				E235C05ADACE081382539298 /* [CP] Copy Pods Resources */,
			);
			buildRules = (
			);
			dependencies = (
			);
			name = Journal;
			productName = Journal;
			productReference = 13B07F961A680F5B00A75B9A /* Journal.app */;
			productType = "com.apple.product-type.application";
		};
/* End PBXNativeTarget section */

/* Begin PBXProject section */
		83CBB9F71A601CBA00E9B192 /* Project object */ = {
			isa = PBXProject;
			attributes = {
				LastUpgradeCheck = 1210;
				TargetAttributes = {
					00E356ED1AD99517003FC87E = {
						CreatedOnToolsVersion = 6.2;
						TestTargetID = 13B07F861A680F5B00A75B9A;
					};
					13B07F861A680F5B00A75B9A = {
						LastSwiftMigration = 1120;
					};
				};
			};
			buildConfigurationList = 83CBB9FA1A601CBA00E9B192 /* Build configuration list for PBXProject "Journal" */;
			compatibilityVersion = "Xcode 12.0";
			developmentRegion = en;
			hasScannedForEncodings = 0;
			knownRegions = (
				en,
				Base,
			);
			mainGroup = 83CBB9F61A601CBA00E9B192;
			productRefGroup = 83CBBA001A601CBA00E9B192 /* Products */;
			projectDirPath = "";
			projectRoot = "";
			targets = (
				13B07F861A680F5B00A75B9A /* Journal */,
				00E356ED1AD99517003FC87E /* JournalTests */,
			);
		};
/* End PBXProject section */

/* Begin PBXResourcesBuildPhase section */
		00E356EC1AD99517003FC87E /* Resources */ = {
			isa = PBXResourcesBuildPhase;
			buildActionMask = 2147483647;
			files = (
			);
			runOnlyForDeploymentPostprocessing = 0;
		};
		13B07F8E1A680F5B00A75B9A /* Resources */ = {
			isa = PBXResourcesBuildPhase;
			buildActionMask = 2147483647;
			files = (
				81AB9BB82411601600AC10FF /* LaunchScreen.storyboard in Resources */,
				13B07FBF1A68108700A75B9A /* Images.xcassets in Resources */,
				3894E8584C20458C8F90F7BF /* Cabin.ttf in Resources */,
				AAA662918E784FBBB9B1FB83 /* Lobster-Regular.ttf in Resources */,
				F180580568DC4BD19CCC880D /* AntDesign.ttf in Resources */,
				9BDBFEF8C700418CB0B25BE1 /* Entypo.ttf in Resources */,
				E17DC1E1C372481284B5B3A2 /* EvilIcons.ttf in Resources */,
				FFFD5E86E03242D7BA5B6070 /* Feather.ttf in Resources */,
				1B79AD72A63E45A1911CD15E /* FontAwesome.ttf in Resources */,
				6FDA345FEDDF45C99C1ADCA4 /* FontAwesome5_Brands.ttf in Resources */,
				A520BC2EEEE4424C989F3E14 /* FontAwesome5_Regular.ttf in Resources */,
				66A380ED16874C3BAACB5244 /* FontAwesome5_Solid.ttf in Resources */,
				86D18B8B5E51411D80763DF5 /* Fontisto.ttf in Resources */,
				A1EC9B8350A74FD9BC0F0447 /* Foundation.ttf in Resources */,
				39AB443F94E84AA58F4536D0 /* Ionicons.ttf in Resources */,
				8A8285B2D12643DD8951C90E /* MaterialCommunityIcons.ttf in Resources */,
				ECDC25C600AE4DE2851DFF22 /* MaterialIcons.ttf in Resources */,
				0AC094D7A33E4F6E9C58FC13 /* Octicons.ttf in Resources */,
				6C68925A3A0E423B93D4148C /* SimpleLineIcons.ttf in Resources */,
				241CE53AD5394007998946E9 /* Zocial.ttf in Resources */,
				0718C93C4C5F4757BCC4B977 /* Pacifico-Regular.ttf in Resources */,
				8546CC2479D840E08FA81CBF /* Montserrat-Black.ttf in Resources */,
				88AE3ABFDB75437DA384C6BB /* Montserrat-BlackItalic.ttf in Resources */,
				CAF9A9F21CFF4AAEA30135D2 /* Montserrat-Bold.ttf in Resources */,
				C4677C4778F84BB1B5ED2D7E /* Montserrat-BoldItalic.ttf in Resources */,
				0BF91D324CAD4B7B995421B7 /* Montserrat-ExtraBold.ttf in Resources */,
				DA61144276E549E996D2EDDC /* Montserrat-ExtraBoldItalic.ttf in Resources */,
				E9B6D33593A7448B9EAB2DB2 /* Montserrat-ExtraLight.ttf in Resources */,
				77F9E57C085248149F0BC76D /* Montserrat-ExtraLightItalic.ttf in Resources */,
				E1DD12436BDE4B0BB12C0C85 /* Montserrat-Italic.ttf in Resources */,
				3993019DD00247FA8404759D /* Montserrat-Light.ttf in Resources */,
				E7AB090407384265B072ACF6 /* Montserrat-LightItalic.ttf in Resources */,
				EF3A4AAF22224DFE97F03D2B /* Montserrat-Medium.ttf in Resources */,
				8287C461A2734129B07A1DCF /* Montserrat-MediumItalic.ttf in Resources */,
				2580CEDB570344C491B03E7A /* Montserrat-Regular.ttf in Resources */,
				E73EB1E6D0004B2A85AB36C9 /* Montserrat-SemiBold.ttf in Resources */,
				8061787A9F394F4093902755 /* Montserrat-SemiBoldItalic.ttf in Resources */,
				F7FB054189494160A8A04E23 /* Montserrat-Thin.ttf in Resources */,
				BE59A74992DB4D6EA0CC51E1 /* Montserrat-ThinItalic.ttf in Resources */,
				441A836FFEC244CBB437293A /* OpenSans_Condensed-Bold.ttf in Resources */,
				EBE49C17FBCB4B7E8A1F36A5 /* OpenSans_Condensed-BoldItalic.ttf in Resources */,
				CCA9412E22144BDDA4E1E1E8 /* OpenSans_Condensed-ExtraBold.ttf in Resources */,
				948B8A2A0CD346B4B61B7B9C /* OpenSans_Condensed-ExtraBoldItalic.ttf in Resources */,
				2E317B4F4FD54112B7974679 /* OpenSans_Condensed-Italic.ttf in Resources */,
				0D9B97B7B8064D7DA09D3812 /* OpenSans_Condensed-Light.ttf in Resources */,
				046A4A245A9849B1945FEF4D /* OpenSans_Condensed-LightItalic.ttf in Resources */,
				A57A528B325246C79A2ACAC6 /* OpenSans_Condensed-Medium.ttf in Resources */,
				0BA8F9E4EB3145799FD2E481 /* OpenSans_Condensed-MediumItalic.ttf in Resources */,
				9EECC3459F3D4B9AB22DEFB0 /* OpenSans_Condensed-Regular.ttf in Resources */,
				BFCA218318914388B5578167 /* OpenSans_Condensed-SemiBold.ttf in Resources */,
				DFBD1D813B774B158449A790 /* OpenSans_Condensed-SemiBoldItalic.ttf in Resources */,
				F063AA6AF3404419B650E2B4 /* OpenSans_SemiCondensed-Bold.ttf in Resources */,
				03A0D15C405F43F8A71BA55F /* OpenSans_SemiCondensed-BoldItalic.ttf in Resources */,
				5B673E9D8FE546E7B524E3C4 /* OpenSans_SemiCondensed-ExtraBold.ttf in Resources */,
				DDDD9124920249008BD028C7 /* OpenSans_SemiCondensed-ExtraBoldItalic.ttf in Resources */,
				A14B4D4AC4624987913D56BA /* OpenSans_SemiCondensed-Italic.ttf in Resources */,
				910FAE639AA8402D96FA1CD6 /* OpenSans_SemiCondensed-Light.ttf in Resources */,
				2407A5D9D53E4756900C1ED3 /* OpenSans_SemiCondensed-LightItalic.ttf in Resources */,
				1A7760D472B54A158D0BBA25 /* OpenSans_SemiCondensed-Medium.ttf in Resources */,
				D79545B04A104D69A0C78430 /* OpenSans_SemiCondensed-MediumItalic.ttf in Resources */,
				C880AEFCDA624826B55A692F /* OpenSans_SemiCondensed-Regular.ttf in Resources */,
				F5849CC9E34A4EEEBEBF858C /* OpenSans_SemiCondensed-SemiBold.ttf in Resources */,
				3D4E4D025B924582A69C00C5 /* OpenSans_SemiCondensed-SemiBoldItalic.ttf in Resources */,
				D269E6597DC042E2966F8877 /* OpenSans-Bold.ttf in Resources */,
				1058BBD383054D3B8AE3E74E /* OpenSans-BoldItalic.ttf in Resources */,
				3A747D9939A34956B50802E2 /* OpenSans-ExtraBold.ttf in Resources */,
				D01271ABEFBD46F8906AE28F /* OpenSans-ExtraBoldItalic.ttf in Resources */,
				4AE3FCEE6FC242EA9EC3A7BE /* OpenSans-Italic.ttf in Resources */,
				2A4A064C9D2D44E9B02E7F16 /* OpenSans-Light.ttf in Resources */,
				8A7AD722D711440D81B6A3B8 /* OpenSans-LightItalic.ttf in Resources */,
				27E60D8A6C4B47C89739E140 /* OpenSans-Medium.ttf in Resources */,
				885AAB9781C8416F86E64C2C /* OpenSans-MediumItalic.ttf in Resources */,
				B1F1942236B74794A1B87A5A /* OpenSans-Regular.ttf in Resources */,
				2C76DB2AA0B242D2BE7F5DFC /* OpenSans-SemiBold.ttf in Resources */,
				D08C4548E1E0440D834539AE /* OpenSans-SemiBoldItalic.ttf in Resources */,
				7111E70F27AB4DDA9A48BB0A /* Roboto-Black.ttf in Resources */,
				E6C9FD4928054E7CB783D5FA /* Roboto-BlackItalic.ttf in Resources */,
				255127160EC8479CB8478FA2 /* Roboto-Bold.ttf in Resources */,
				8518B99E5B244E1D8306D03D /* Roboto-BoldItalic.ttf in Resources */,
				0169E5F1F8464319800C3C61 /* Roboto-Italic.ttf in Resources */,
				BE655F3089C748D4AC7A8998 /* Roboto-Light.ttf in Resources */,
				0D3EE6D142D847C3BBDB9280 /* Roboto-LightItalic.ttf in Resources */,
				1689296AD48342C680D6089F /* Roboto-Medium.ttf in Resources */,
				341369D78BA04A41BEB7F23C /* Roboto-MediumItalic.ttf in Resources */,
				6579218DB5B842749E8B1C4F /* Roboto-Regular.ttf in Resources */,
				43BC2E5836CA4568B5E0D357 /* Roboto-Thin.ttf in Resources */,
				9CF0F6D98C2B40DFABE85657 /* Roboto-ThinItalic.ttf in Resources */,
			);
			runOnlyForDeploymentPostprocessing = 0;
		};
/* End PBXResourcesBuildPhase section */

/* Begin PBXShellScriptBuildPhase section */
		00DD1BFF1BD5951E006B06BC /* Bundle React Native code and images */ = {
			isa = PBXShellScriptBuildPhase;
			buildActionMask = 2147483647;
			files = (
			);
			inputPaths = (
			);
			name = "Bundle React Native code and images";
			outputPaths = (
			);
			runOnlyForDeploymentPostprocessing = 0;
			shellPath = /bin/sh;
			shellScript = "set -e\n\nexport NODE_BINARY=node\n../node_modules/react-native/scripts/react-native-xcode.sh\n";
		};
		00EEFC60759A1932668264C0 /* [CP] Embed Pods Frameworks */ = {
			isa = PBXShellScriptBuildPhase;
			buildActionMask = 2147483647;
			files = (
			);
			inputFileListPaths = (
				"${PODS_ROOT}/Target Support Files/Pods-Journal/Pods-Journal-frameworks-${CONFIGURATION}-input-files.xcfilelist",
			);
			name = "[CP] Embed Pods Frameworks";
			outputFileListPaths = (
				"${PODS_ROOT}/Target Support Files/Pods-Journal/Pods-Journal-frameworks-${CONFIGURATION}-output-files.xcfilelist",
			);
			runOnlyForDeploymentPostprocessing = 0;
			shellPath = /bin/sh;
			shellScript = "\"${PODS_ROOT}/Target Support Files/Pods-Journal/Pods-Journal-frameworks.sh\"\n";
			showEnvVarsInLog = 0;
		};
		A55EABD7B0C7F3A422A6CC61 /* [CP] Check Pods Manifest.lock */ = {
			isa = PBXShellScriptBuildPhase;
			buildActionMask = 2147483647;
			files = (
			);
			inputFileListPaths = (
			);
			inputPaths = (
				"${PODS_PODFILE_DIR_PATH}/Podfile.lock",
				"${PODS_ROOT}/Manifest.lock",
			);
			name = "[CP] Check Pods Manifest.lock";
			outputFileListPaths = (
			);
			outputPaths = (
				"$(DERIVED_FILE_DIR)/Pods-Journal-JournalTests-checkManifestLockResult.txt",
			);
			runOnlyForDeploymentPostprocessing = 0;
			shellPath = /bin/sh;
			shellScript = "diff \"${PODS_PODFILE_DIR_PATH}/Podfile.lock\" \"${PODS_ROOT}/Manifest.lock\" > /dev/null\nif [ $? != 0 ] ; then\n    # print error to STDERR\n    echo \"error: The sandbox is not in sync with the Podfile.lock. Run 'pod install' or update your CocoaPods installation.\" >&2\n    exit 1\nfi\n# This output is used by Xcode 'outputs' to avoid re-running this script phase.\necho \"SUCCESS\" > \"${SCRIPT_OUTPUT_FILE_0}\"\n";
			showEnvVarsInLog = 0;
		};
		C38B50BA6285516D6DCD4F65 /* [CP] Check Pods Manifest.lock */ = {
			isa = PBXShellScriptBuildPhase;
			buildActionMask = 2147483647;
			files = (
			);
			inputFileListPaths = (
			);
			inputPaths = (
				"${PODS_PODFILE_DIR_PATH}/Podfile.lock",
				"${PODS_ROOT}/Manifest.lock",
			);
			name = "[CP] Check Pods Manifest.lock";
			outputFileListPaths = (
			);
			outputPaths = (
				"$(DERIVED_FILE_DIR)/Pods-Journal-checkManifestLockResult.txt",
			);
			runOnlyForDeploymentPostprocessing = 0;
			shellPath = /bin/sh;
			shellScript = "diff \"${PODS_PODFILE_DIR_PATH}/Podfile.lock\" \"${PODS_ROOT}/Manifest.lock\" > /dev/null\nif [ $? != 0 ] ; then\n    # print error to STDERR\n    echo \"error: The sandbox is not in sync with the Podfile.lock. Run 'pod install' or update your CocoaPods installation.\" >&2\n    exit 1\nfi\n# This output is used by Xcode 'outputs' to avoid re-running this script phase.\necho \"SUCCESS\" > \"${SCRIPT_OUTPUT_FILE_0}\"\n";
			showEnvVarsInLog = 0;
		};
		C59DA0FBD6956966B86A3779 /* [CP] Embed Pods Frameworks */ = {
			isa = PBXShellScriptBuildPhase;
			buildActionMask = 2147483647;
			files = (
			);
			inputFileListPaths = (
				"${PODS_ROOT}/Target Support Files/Pods-Journal-JournalTests/Pods-Journal-JournalTests-frameworks-${CONFIGURATION}-input-files.xcfilelist",
			);
			name = "[CP] Embed Pods Frameworks";
			outputFileListPaths = (
				"${PODS_ROOT}/Target Support Files/Pods-Journal-JournalTests/Pods-Journal-JournalTests-frameworks-${CONFIGURATION}-output-files.xcfilelist",
			);
			runOnlyForDeploymentPostprocessing = 0;
			shellPath = /bin/sh;
			shellScript = "\"${PODS_ROOT}/Target Support Files/Pods-Journal-JournalTests/Pods-Journal-JournalTests-frameworks.sh\"\n";
			showEnvVarsInLog = 0;
		};
		E235C05ADACE081382539298 /* [CP] Copy Pods Resources */ = {
			isa = PBXShellScriptBuildPhase;
			buildActionMask = 2147483647;
			files = (
			);
			inputFileListPaths = (
				"${PODS_ROOT}/Target Support Files/Pods-Journal/Pods-Journal-resources-${CONFIGURATION}-input-files.xcfilelist",
			);
			name = "[CP] Copy Pods Resources";
			outputFileListPaths = (
				"${PODS_ROOT}/Target Support Files/Pods-Journal/Pods-Journal-resources-${CONFIGURATION}-output-files.xcfilelist",
			);
			runOnlyForDeploymentPostprocessing = 0;
			shellPath = /bin/sh;
			shellScript = "\"${PODS_ROOT}/Target Support Files/Pods-Journal/Pods-Journal-resources.sh\"\n";
			showEnvVarsInLog = 0;
		};
		F6A41C54EA430FDDC6A6ED99 /* [CP] Copy Pods Resources */ = {
			isa = PBXShellScriptBuildPhase;
			buildActionMask = 2147483647;
			files = (
			);
			inputFileListPaths = (
				"${PODS_ROOT}/Target Support Files/Pods-Journal-JournalTests/Pods-Journal-JournalTests-resources-${CONFIGURATION}-input-files.xcfilelist",
			);
			name = "[CP] Copy Pods Resources";
			outputFileListPaths = (
				"${PODS_ROOT}/Target Support Files/Pods-Journal-JournalTests/Pods-Journal-JournalTests-resources-${CONFIGURATION}-output-files.xcfilelist",
			);
			runOnlyForDeploymentPostprocessing = 0;
			shellPath = /bin/sh;
			shellScript = "\"${PODS_ROOT}/Target Support Files/Pods-Journal-JournalTests/Pods-Journal-JournalTests-resources.sh\"\n";
			showEnvVarsInLog = 0;
		};
		FD10A7F022414F080027D42C /* Start Packager */ = {
			isa = PBXShellScriptBuildPhase;
			buildActionMask = 2147483647;
			files = (
			);
			inputFileListPaths = (
			);
			inputPaths = (
			);
			name = "Start Packager";
			outputFileListPaths = (
			);
			outputPaths = (
			);
			runOnlyForDeploymentPostprocessing = 0;
			shellPath = /bin/sh;
			shellScript = "export RCT_METRO_PORT=\"${RCT_METRO_PORT:=8081}\"\necho \"export RCT_METRO_PORT=${RCT_METRO_PORT}\" > \"${SRCROOT}/../node_modules/react-native/scripts/.packager.env\"\nif [ -z \"${RCT_NO_LAUNCH_PACKAGER+xxx}\" ] ; then\n  if nc -w 5 -z localhost ${RCT_METRO_PORT} ; then\n    if ! curl -s \"http://localhost:${RCT_METRO_PORT}/status\" | grep -q \"packager-status:running\" ; then\n      echo \"Port ${RCT_METRO_PORT} already in use, packager is either not running or not running correctly\"\n      exit 2\n    fi\n  else\n    open \"$SRCROOT/../node_modules/react-native/scripts/launchPackager.command\" || echo \"Can't start packager automatically\"\n  fi\nfi\n";
			showEnvVarsInLog = 0;
		};
/* End PBXShellScriptBuildPhase section */

/* Begin PBXSourcesBuildPhase section */
		00E356EA1AD99517003FC87E /* Sources */ = {
			isa = PBXSourcesBuildPhase;
			buildActionMask = 2147483647;
			files = (
				00E356F31AD99517003FC87E /* JournalTests.m in Sources */,
			);
			runOnlyForDeploymentPostprocessing = 0;
		};
		13B07F871A680F5B00A75B9A /* Sources */ = {
			isa = PBXSourcesBuildPhase;
			buildActionMask = 2147483647;
			files = (
				13B07FBC1A68108700A75B9A /* AppDelegate.mm in Sources */,
				13B07FC11A68108700A75B9A /* main.m in Sources */,
			);
			runOnlyForDeploymentPostprocessing = 0;
		};
/* End PBXSourcesBuildPhase section */

/* Begin PBXTargetDependency section */
		00E356F51AD99517003FC87E /* PBXTargetDependency */ = {
			isa = PBXTargetDependency;
			target = 13B07F861A680F5B00A75B9A /* Journal */;
			targetProxy = 00E356F41AD99517003FC87E /* PBXContainerItemProxy */;
		};
/* End PBXTargetDependency section */

/* Begin XCBuildConfiguration section */
		00E356F61AD99517003FC87E /* Debug */ = {
			isa = XCBuildConfiguration;
			baseConfigurationReference = 5B7EB9410499542E8C5724F5 /* Pods-Journal-JournalTests.debug.xcconfig */;
			buildSettings = {
				BUNDLE_LOADER = "$(TEST_HOST)";
				GCC_PREPROCESSOR_DEFINITIONS = (
					"DEBUG=1",
					"$(inherited)",
				);
				INFOPLIST_FILE = JournalTests/Info.plist;
				IPHONEOS_DEPLOYMENT_TARGET = 11.0;
				LD_RUNPATH_SEARCH_PATHS = (
					"$(inherited)",
					"@executable_path/Frameworks",
					"@loader_path/Frameworks",
				);
				OTHER_LDFLAGS = (
					"-ObjC",
					"-lc++",
					"$(inherited)",
				);
				PRODUCT_BUNDLE_IDENTIFIER = "org.reactjs.native.example.$(PRODUCT_NAME:rfc1034identifier)";
				PRODUCT_NAME = "$(TARGET_NAME)";
				TEST_HOST = "$(BUILT_PRODUCTS_DIR)/Journal.app/Journal";
			};
			name = Debug;
		};
		00E356F71AD99517003FC87E /* Release */ = {
			isa = XCBuildConfiguration;
			baseConfigurationReference = 89C6BE57DB24E9ADA2F236DE /* Pods-Journal-JournalTests.release.xcconfig */;
			buildSettings = {
				BUNDLE_LOADER = "$(TEST_HOST)";
				COPY_PHASE_STRIP = NO;
				INFOPLIST_FILE = JournalTests/Info.plist;
				IPHONEOS_DEPLOYMENT_TARGET = 11.0;
				LD_RUNPATH_SEARCH_PATHS = (
					"$(inherited)",
					"@executable_path/Frameworks",
					"@loader_path/Frameworks",
				);
				OTHER_LDFLAGS = (
					"-ObjC",
					"-lc++",
					"$(inherited)",
				);
				PRODUCT_BUNDLE_IDENTIFIER = "org.reactjs.native.example.$(PRODUCT_NAME:rfc1034identifier)";
				PRODUCT_NAME = "$(TARGET_NAME)";
				TEST_HOST = "$(BUILT_PRODUCTS_DIR)/Journal.app/Journal";
			};
			name = Release;
		};
		13B07F941A680F5B00A75B9A /* Debug */ = {
			isa = XCBuildConfiguration;
			baseConfigurationReference = 3B4392A12AC88292D35C810B /* Pods-Journal.debug.xcconfig */;
			buildSettings = {
				ASSETCATALOG_COMPILER_APPICON_NAME = AppIcon;
				CLANG_ENABLE_MODULES = YES;
				CURRENT_PROJECT_VERSION = 1;
				ENABLE_BITCODE = NO;
				INFOPLIST_FILE = Journal/Info.plist;
				LD_RUNPATH_SEARCH_PATHS = (
					"$(inherited)",
					"@executable_path/Frameworks",
				);
				OTHER_LDFLAGS = (
					"$(inherited)",
					"-ObjC",
					"-lc++",
				);
				PRODUCT_BUNDLE_IDENTIFIER = "org.reactjs.native.example.$(PRODUCT_NAME:rfc1034identifier)";
				PRODUCT_NAME = Journal;
				SWIFT_OPTIMIZATION_LEVEL = "-Onone";
				SWIFT_VERSION = 5.0;
				VERSIONING_SYSTEM = "apple-generic";
			};
			name = Debug;
		};
		13B07F951A680F5B00A75B9A /* Release */ = {
			isa = XCBuildConfiguration;
			baseConfigurationReference = 5709B34CF0A7D63546082F79 /* Pods-Journal.release.xcconfig */;
			buildSettings = {
				ASSETCATALOG_COMPILER_APPICON_NAME = AppIcon;
				CLANG_ENABLE_MODULES = YES;
				CURRENT_PROJECT_VERSION = 1;
				INFOPLIST_FILE = Journal/Info.plist;
				LD_RUNPATH_SEARCH_PATHS = (
					"$(inherited)",
					"@executable_path/Frameworks",
				);
				OTHER_LDFLAGS = (
					"$(inherited)",
					"-ObjC",
					"-lc++",
				);
				PRODUCT_BUNDLE_IDENTIFIER = "org.reactjs.native.example.$(PRODUCT_NAME:rfc1034identifier)";
				PRODUCT_NAME = Journal;
				SWIFT_VERSION = 5.0;
				VERSIONING_SYSTEM = "apple-generic";
			};
			name = Release;
		};
		83CBBA201A601CBA00E9B192 /* Debug */ = {
			isa = XCBuildConfiguration;
			buildSettings = {
				ALWAYS_SEARCH_USER_PATHS = NO;
				CLANG_ANALYZER_LOCALIZABILITY_NONLOCALIZED = YES;
				CLANG_CXX_LANGUAGE_STANDARD = "c++17";
				CLANG_CXX_LIBRARY = "libc++";
				CLANG_ENABLE_MODULES = YES;
				CLANG_ENABLE_OBJC_ARC = YES;
				CLANG_WARN_BLOCK_CAPTURE_AUTORELEASING = YES;
				CLANG_WARN_BOOL_CONVERSION = YES;
				CLANG_WARN_COMMA = YES;
				CLANG_WARN_CONSTANT_CONVERSION = YES;
				CLANG_WARN_DEPRECATED_OBJC_IMPLEMENTATIONS = YES;
				CLANG_WARN_DIRECT_OBJC_ISA_USAGE = YES_ERROR;
				CLANG_WARN_EMPTY_BODY = YES;
				CLANG_WARN_ENUM_CONVERSION = YES;
				CLANG_WARN_INFINITE_RECURSION = YES;
				CLANG_WARN_INT_CONVERSION = YES;
				CLANG_WARN_NON_LITERAL_NULL_CONVERSION = YES;
				CLANG_WARN_OBJC_IMPLICIT_RETAIN_SELF = YES;
				CLANG_WARN_OBJC_LITERAL_CONVERSION = YES;
				CLANG_WARN_OBJC_ROOT_CLASS = YES_ERROR;
				CLANG_WARN_QUOTED_INCLUDE_IN_FRAMEWORK_HEADER = YES;
				CLANG_WARN_RANGE_LOOP_ANALYSIS = YES;
				CLANG_WARN_STRICT_PROTOTYPES = YES;
				CLANG_WARN_SUSPICIOUS_MOVE = YES;
				CLANG_WARN_UNREACHABLE_CODE = YES;
				CLANG_WARN__DUPLICATE_METHOD_MATCH = YES;
				"CODE_SIGN_IDENTITY[sdk=iphoneos*]" = "iPhone Developer";
				COPY_PHASE_STRIP = NO;
				ENABLE_STRICT_OBJC_MSGSEND = YES;
				ENABLE_TESTABILITY = YES;
				"EXCLUDED_ARCHS[sdk=iphonesimulator*]" = "";
				GCC_C_LANGUAGE_STANDARD = gnu99;
				GCC_DYNAMIC_NO_PIC = NO;
				GCC_NO_COMMON_BLOCKS = YES;
				GCC_OPTIMIZATION_LEVEL = 0;
				GCC_PREPROCESSOR_DEFINITIONS = (
					"DEBUG=1",
					"$(inherited)",
				);
				GCC_SYMBOLS_PRIVATE_EXTERN = NO;
				GCC_WARN_64_TO_32_BIT_CONVERSION = YES;
				GCC_WARN_ABOUT_RETURN_TYPE = YES_ERROR;
				GCC_WARN_UNDECLARED_SELECTOR = YES;
				GCC_WARN_UNINITIALIZED_AUTOS = YES_AGGRESSIVE;
				GCC_WARN_UNUSED_FUNCTION = YES;
				GCC_WARN_UNUSED_VARIABLE = YES;
				IPHONEOS_DEPLOYMENT_TARGET = 11.0;
				LD_RUNPATH_SEARCH_PATHS = (
					/usr/lib/swift,
					"$(inherited)",
				);
				LIBRARY_SEARCH_PATHS = (
					"\"$(SDKROOT)/usr/lib/swift\"",
					"\"$(TOOLCHAIN_DIR)/usr/lib/swift/$(PLATFORM_NAME)\"",
					"\"$(inherited)\"",
				);
				MTL_ENABLE_DEBUG_INFO = YES;
				ONLY_ACTIVE_ARCH = YES;
				OTHER_CPLUSPLUSFLAGS = (
					"$(OTHER_CFLAGS)",
					"-DFOLLY_NO_CONFIG",
					"-DFOLLY_MOBILE=1",
					"-DFOLLY_USE_LIBCPP=1",
				);
				SDKROOT = iphoneos;
			};
			name = Debug;
		};
		83CBBA211A601CBA00E9B192 /* Release */ = {
			isa = XCBuildConfiguration;
			buildSettings = {
				ALWAYS_SEARCH_USER_PATHS = NO;
				CLANG_ANALYZER_LOCALIZABILITY_NONLOCALIZED = YES;
				CLANG_CXX_LANGUAGE_STANDARD = "c++17";
				CLANG_CXX_LIBRARY = "libc++";
				CLANG_ENABLE_MODULES = YES;
				CLANG_ENABLE_OBJC_ARC = YES;
				CLANG_WARN_BLOCK_CAPTURE_AUTORELEASING = YES;
				CLANG_WARN_BOOL_CONVERSION = YES;
				CLANG_WARN_COMMA = YES;
				CLANG_WARN_CONSTANT_CONVERSION = YES;
				CLANG_WARN_DEPRECATED_OBJC_IMPLEMENTATIONS = YES;
				CLANG_WARN_DIRECT_OBJC_ISA_USAGE = YES_ERROR;
				CLANG_WARN_EMPTY_BODY = YES;
				CLANG_WARN_ENUM_CONVERSION = YES;
				CLANG_WARN_INFINITE_RECURSION = YES;
				CLANG_WARN_INT_CONVERSION = YES;
				CLANG_WARN_NON_LITERAL_NULL_CONVERSION = YES;
				CLANG_WARN_OBJC_IMPLICIT_RETAIN_SELF = YES;
				CLANG_WARN_OBJC_LITERAL_CONVERSION = YES;
				CLANG_WARN_OBJC_ROOT_CLASS = YES_ERROR;
				CLANG_WARN_QUOTED_INCLUDE_IN_FRAMEWORK_HEADER = YES;
				CLANG_WARN_RANGE_LOOP_ANALYSIS = YES;
				CLANG_WARN_STRICT_PROTOTYPES = YES;
				CLANG_WARN_SUSPICIOUS_MOVE = YES;
				CLANG_WARN_UNREACHABLE_CODE = YES;
				CLANG_WARN__DUPLICATE_METHOD_MATCH = YES;
				"CODE_SIGN_IDENTITY[sdk=iphoneos*]" = "iPhone Developer";
				COPY_PHASE_STRIP = YES;
				ENABLE_NS_ASSERTIONS = NO;
				ENABLE_STRICT_OBJC_MSGSEND = YES;
				"EXCLUDED_ARCHS[sdk=iphonesimulator*]" = "";
				GCC_C_LANGUAGE_STANDARD = gnu99;
				GCC_NO_COMMON_BLOCKS = YES;
				GCC_WARN_64_TO_32_BIT_CONVERSION = YES;
				GCC_WARN_ABOUT_RETURN_TYPE = YES_ERROR;
				GCC_WARN_UNDECLARED_SELECTOR = YES;
				GCC_WARN_UNINITIALIZED_AUTOS = YES_AGGRESSIVE;
				GCC_WARN_UNUSED_FUNCTION = YES;
				GCC_WARN_UNUSED_VARIABLE = YES;
				IPHONEOS_DEPLOYMENT_TARGET = 11.0;
				LD_RUNPATH_SEARCH_PATHS = (
					/usr/lib/swift,
					"$(inherited)",
				);
				LIBRARY_SEARCH_PATHS = (
					"\"$(SDKROOT)/usr/lib/swift\"",
					"\"$(TOOLCHAIN_DIR)/usr/lib/swift/$(PLATFORM_NAME)\"",
					"\"$(inherited)\"",
				);
				MTL_ENABLE_DEBUG_INFO = NO;
				OTHER_CPLUSPLUSFLAGS = (
					"$(OTHER_CFLAGS)",
					"-DFOLLY_NO_CONFIG",
					"-DFOLLY_MOBILE=1",
					"-DFOLLY_USE_LIBCPP=1",
				);
				SDKROOT = iphoneos;
				VALIDATE_PRODUCT = YES;
			};
			name = Release;
		};
/* End XCBuildConfiguration section */

/* Begin XCConfigurationList section */
		00E357021AD99517003FC87E /* Build configuration list for PBXNativeTarget "JournalTests" */ = {
			isa = XCConfigurationList;
			buildConfigurations = (
				00E356F61AD99517003FC87E /* Debug */,
				00E356F71AD99517003FC87E /* Release */,
			);
			defaultConfigurationIsVisible = 0;
			defaultConfigurationName = Release;
		};
		13B07F931A680F5B00A75B9A /* Build configuration list for PBXNativeTarget "Journal" */ = {
			isa = XCConfigurationList;
			buildConfigurations = (
				13B07F941A680F5B00A75B9A /* Debug */,
				13B07F951A680F5B00A75B9A /* Release */,
			);
			defaultConfigurationIsVisible = 0;
			defaultConfigurationName = Release;
		};
		83CBB9FA1A601CBA00E9B192 /* Build configuration list for PBXProject "Journal" */ = {
			isa = XCConfigurationList;
			buildConfigurations = (
				83CBBA201A601CBA00E9B192 /* Debug */,
				83CBBA211A601CBA00E9B192 /* Release */,
			);
			defaultConfigurationIsVisible = 0;
			defaultConfigurationName = Release;
		};
/* End XCConfigurationList section */
	};
	rootObject = 83CBB9F71A601CBA00E9B192 /* Project object */;
}
